// !$*UTF8*$!
{
	archiveVersion = 1;
	classes = {
	};
	objectVersion = 56;
	objects = {

/* Begin PBXBuildFile section */
		595FEE302D5B207E003F7F63 /* SwiftUIDay02ShopStep01App.swift in Sources */ = {isa = PBXBuildFile; fileRef = 595FEE2F2D5B207E003F7F63 /* SwiftUIDay02ShopStep01App.swift */; };
		595FEE322D5B207E003F7F63 /* ContentView.swift in Sources */ = {isa = PBXBuildFile; fileRef = 595FEE312D5B207E003F7F63 /* ContentView.swift */; };
		595FEE342D5B207F003F7F63 /* Assets.xcassets in Resources */ = {isa = PBXBuildFile; fileRef = 595FEE332D5B207F003F7F63 /* Assets.xcassets */; };
		595FEE372D5B207F003F7F63 /* Preview Assets.xcassets in Resources */ = {isa = PBXBuildFile; fileRef = 595FEE362D5B207F003F7F63 /* Preview Assets.xcassets */; };
		598E7E872D5B228A0024CAEE /* Product.swift in Sources */ = {isa = PBXBuildFile; fileRef = 598E7E862D5B228A0024CAEE /* Product.swift */; };
		598E7E8A2D5B234A0024CAEE /* ProductCard.swift in Sources */ = {isa = PBXBuildFile; fileRef = 598E7E892D5B234A0024CAEE /* ProductCard.swift */; };
		598E7E8C2D5B23690024CAEE /* ProductData.json in Resources */ = {isa = PBXBuildFile; fileRef = 598E7E8B2D5B23690024CAEE /* ProductData.json */; };
		598E7E8F2D5B23D10024CAEE /* ProductDataLoader.swift in Sources */ = {isa = PBXBuildFile; fileRef = 598E7E8E2D5B23D10024CAEE /* ProductDataLoader.swift */; };
		598E7E912D5B23F80024CAEE /* ProductRow.swift in Sources */ = {isa = PBXBuildFile; fileRef = 598E7E902D5B23F80024CAEE /* ProductRow.swift */; };
		598E7E932D5B245C0024CAEE /* ProductListView.swift in Sources */ = {isa = PBXBuildFile; fileRef = 598E7E922D5B245C0024CAEE /* ProductListView.swift */; };
		598E7E952D5B25040024CAEE /* HomeView.swift in Sources */ = {isa = PBXBuildFile; fileRef = 598E7E942D5B25040024CAEE /* HomeView.swift */; };
		598E7E972D5B27E60024CAEE /* ProductDetailView.swift in Sources */ = {isa = PBXBuildFile; fileRef = 598E7E962D5B27E60024CAEE /* ProductDetailView.swift */; };
/* End PBXBuildFile section */

/* Begin PBXFileReference section */
		595FEE2C2D5B207E003F7F63 /* SwiftUIDay02ShopStep01.app */ = {isa = PBXFileReference; explicitFileType = wrapper.application; includeInIndex = 0; path = SwiftUIDay02ShopStep01.app; sourceTree = BUILT_PRODUCTS_DIR; };
		595FEE2F2D5B207E003F7F63 /* SwiftUIDay02ShopStep01App.swift */ = {isa = PBXFileReference; lastKnownFileType = sourcecode.swift; path = SwiftUIDay02ShopStep01App.swift; sourceTree = "<group>"; };
		595FEE312D5B207E003F7F63 /* ContentView.swift */ = {isa = PBXFileReference; lastKnownFileType = sourcecode.swift; path = ContentView.swift; sourceTree = "<group>"; };
		595FEE332D5B207F003F7F63 /* Assets.xcassets */ = {isa = PBXFileReference; lastKnownFileType = folder.assetcatalog; path = Assets.xcassets; sourceTree = "<group>"; };
		595FEE362D5B207F003F7F63 /* Preview Assets.xcassets */ = {isa = PBXFileReference; lastKnownFileType = folder.assetcatalog; path = "Preview Assets.xcassets"; sourceTree = "<group>"; };
		598E7E862D5B228A0024CAEE /* Product.swift */ = {isa = PBXFileReference; lastKnownFileType = sourcecode.swift; path = Product.swift; sourceTree = "<group>"; };
		598E7E892D5B234A0024CAEE /* ProductCard.swift */ = {isa = PBXFileReference; lastKnownFileType = sourcecode.swift; path = ProductCard.swift; sourceTree = "<group>"; };
		598E7E8B2D5B23690024CAEE /* ProductData.json */ = {isa = PBXFileReference; fileEncoding = 4; lastKnownFileType = text.json; name = ProductData.json; path = ../../../../ShopSwiftUI/FruitMart/Resources/ProductData.json; sourceTree = "<group>"; };
		598E7E8E2D5B23D10024CAEE /* ProductDataLoader.swift */ = {isa = PBXFileReference; lastKnownFileType = sourcecode.swift; path = ProductDataLoader.swift; sourceTree = "<group>"; };
		598E7E902D5B23F80024CAEE /* ProductRow.swift */ = {isa = PBXFileReference; lastKnownFileType = sourcecode.swift; path = ProductRow.swift; sourceTree = "<group>"; };
		598E7E922D5B245C0024CAEE /* ProductListView.swift */ = {isa = PBXFileReference; lastKnownFileType = sourcecode.swift; path = ProductListView.swift; sourceTree = "<group>"; };
		598E7E942D5B25040024CAEE /* HomeView.swift */ = {isa = PBXFileReference; lastKnownFileType = sourcecode.swift; path = HomeView.swift; sourceTree = "<group>"; };
		598E7E962D5B27E60024CAEE /* ProductDetailView.swift */ = {isa = PBXFileReference; lastKnownFileType = sourcecode.swift; path = ProductDetailView.swift; sourceTree = "<group>"; };
/* End PBXFileReference section */

/* Begin PBXFrameworksBuildPhase section */
		595FEE292D5B207E003F7F63 /* Frameworks */ = {
			isa = PBXFrameworksBuildPhase;
			buildActionMask = 2147483647;
			files = (
			);
			runOnlyForDeploymentPostprocessing = 0;
		};
/* End PBXFrameworksBuildPhase section */

/* Begin PBXGroup section */
		595FEE232D5B207E003F7F63 = {
			isa = PBXGroup;
			children = (
				595FEE2E2D5B207E003F7F63 /* SwiftUIDay02ShopStep01 */,
				595FEE2D2D5B207E003F7F63 /* Products */,
			);
			sourceTree = "<group>";
		};
		595FEE2D2D5B207E003F7F63 /* Products */ = {
			isa = PBXGroup;
			children = (
				595FEE2C2D5B207E003F7F63 /* SwiftUIDay02ShopStep01.app */,
			);
			name = Products;
			sourceTree = "<group>";
		};
		595FEE2E2D5B207E003F7F63 /* SwiftUIDay02ShopStep01 */ = {
			isa = PBXGroup;
			children = (
				598E7E852D5B225F0024CAEE /* Models */,
				598E7E882D5B22AF0024CAEE /* Resources */,
				598E7E8D2D5B23730024CAEE /* Views */,
				595FEE312D5B207E003F7F63 /* ContentView.swift */,
				595FEE2F2D5B207E003F7F63 /* SwiftUIDay02ShopStep01App.swift */,
				595FEE352D5B207F003F7F63 /* Preview Content */,
			);
			path = SwiftUIDay02ShopStep01;
			sourceTree = "<group>";
		};
		595FEE352D5B207F003F7F63 /* Preview Content */ = {
			isa = PBXGroup;
			children = (
				595FEE362D5B207F003F7F63 /* Preview Assets.xcassets */,
			);
			path = "Preview Content";
			sourceTree = "<group>";
		};
		598E7E852D5B225F0024CAEE /* Models */ = {
			isa = PBXGroup;
			children = (
				598E7E862D5B228A0024CAEE /* Product.swift */,
				598E7E8E2D5B23D10024CAEE /* ProductDataLoader.swift */,
			);
			path = Models;
			sourceTree = "<group>";
		};
		598E7E882D5B22AF0024CAEE /* Resources */ = {
			isa = PBXGroup;
			children = (
				595FEE332D5B207F003F7F63 /* Assets.xcassets */,
				598E7E8B2D5B23690024CAEE /* ProductData.json */,
			);
			path = Resources;
			sourceTree = "<group>";
		};
		598E7E8D2D5B23730024CAEE /* Views */ = {
			isa = PBXGroup;
			children = (
				598E7E942D5B25040024CAEE /* HomeView.swift */,
				598E7E892D5B234A0024CAEE /* ProductCard.swift */,
				598E7E902D5B23F80024CAEE /* ProductRow.swift */,
				598E7E922D5B245C0024CAEE /* ProductListView.swift */,
				598E7E962D5B27E60024CAEE /* ProductDetailView.swift */,
			);
			path = Views;
			sourceTree = "<group>";
		};
/* End PBXGroup section */

/* Begin PBXNativeTarget section */
		595FEE2B2D5B207E003F7F63 /* SwiftUIDay02ShopStep01 */ = {
			isa = PBXNativeTarget;
			buildConfigurationList = 595FEE3A2D5B207F003F7F63 /* Build configuration list for PBXNativeTarget "SwiftUIDay02ShopStep01" */;
			buildPhases = (
				595FEE282D5B207E003F7F63 /* Sources */,
				595FEE292D5B207E003F7F63 /* Frameworks */,
				595FEE2A2D5B207E003F7F63 /* Resources */,
			);
			buildRules = (
			);
			dependencies = (
			);
			name = SwiftUIDay02ShopStep01;
			productName = SwiftUIDay02ShopStep01;
			productReference = 595FEE2C2D5B207E003F7F63 /* SwiftUIDay02ShopStep01.app */;
			productType = "com.apple.product-type.application";
		};
/* End PBXNativeTarget section */

/* Begin PBXProject section */
		595FEE242D5B207E003F7F63 /* Project object */ = {
			isa = PBXProject;
			attributes = {
				BuildIndependentTargetsInParallel = 1;
				LastSwiftUpdateCheck = 1540;
				LastUpgradeCheck = 1540;
				TargetAttributes = {
					595FEE2B2D5B207E003F7F63 = {
						CreatedOnToolsVersion = 15.4;
					};
				};
			};
			buildConfigurationList = 595FEE272D5B207E003F7F63 /* Build configuration list for PBXProject "SwiftUIDay02ShopStep01" */;
			compatibilityVersion = "Xcode 14.0";
			developmentRegion = en;
			hasScannedForEncodings = 0;
			knownRegions = (
				en,
				Base,
			);
			mainGroup = 595FEE232D5B207E003F7F63;
			productRefGroup = 595FEE2D2D5B207E003F7F63 /* Products */;
			projectDirPath = "";
			projectRoot = "";
			targets = (
				595FEE2B2D5B207E003F7F63 /* SwiftUIDay02ShopStep01 */,
			);
		};
/* End PBXProject section */

/* Begin PBXResourcesBuildPhase section */
		595FEE2A2D5B207E003F7F63 /* Resources */ = {
			isa = PBXResourcesBuildPhase;
			buildActionMask = 2147483647;
			files = (
				595FEE372D5B207F003F7F63 /* Preview Assets.xcassets in Resources */,
				595FEE342D5B207F003F7F63 /* Assets.xcassets in Resources */,
				598E7E8C2D5B23690024CAEE /* ProductData.json in Resources */,
			);
			runOnlyForDeploymentPostprocessing = 0;
		};
/* End PBXResourcesBuildPhase section */

/* Begin PBXSourcesBuildPhase section */
		595FEE282D5B207E003F7F63 /* Sources */ = {
			isa = PBXSourcesBuildPhase;
			buildActionMask = 2147483647;
			files = (
				595FEE322D5B207E003F7F63 /* ContentView.swift in Sources */,
				595FEE302D5B207E003F7F63 /* SwiftUIDay02ShopStep01App.swift in Sources */,
				598E7E932D5B245C0024CAEE /* ProductListView.swift in Sources */,
				598E7E912D5B23F80024CAEE /* ProductRow.swift in Sources */,
				598E7E872D5B228A0024CAEE /* Product.swift in Sources */,
				598E7E952D5B25040024CAEE /* HomeView.swift in Sources */,
				598E7E8A2D5B234A0024CAEE /* ProductCard.swift in Sources */,
				598E7E8F2D5B23D10024CAEE /* ProductDataLoader.swift in Sources */,
				598E7E972D5B27E60024CAEE /* ProductDetailView.swift in Sources */,
			);
			runOnlyForDeploymentPostprocessing = 0;
		};
/* End PBXSourcesBuildPhase section */

/* Begin XCBuildConfiguration section */
		595FEE382D5B207F003F7F63 /* Debug */ = {
			isa = XCBuildConfiguration;
			buildSettings = {
				ALWAYS_SEARCH_USER_PATHS = NO;
				ASSETCATALOG_COMPILER_GENERATE_SWIFT_ASSET_SYMBOL_EXTENSIONS = YES;
				CLANG_ANALYZER_NONNULL = YES;
				CLANG_ANALYZER_NUMBER_OBJECT_CONVERSION = YES_AGGRESSIVE;
				CLANG_CXX_LANGUAGE_STANDARD = "gnu++20";
				CLANG_ENABLE_MODULES = YES;
				CLANG_ENABLE_OBJC_ARC = YES;
				CLANG_ENABLE_OBJC_WEAK = YES;
				CLANG_WARN_BLOCK_CAPTURE_AUTORELEASING = YES;
				CLANG_WARN_BOOL_CONVERSION = YES;
				CLANG_WARN_COMMA = YES;
				CLANG_WARN_CONSTANT_CONVERSION = YES;
				CLANG_WARN_DEPRECATED_OBJC_IMPLEMENTATIONS = YES;
				CLANG_WARN_DIRECT_OBJC_ISA_USAGE = YES_ERROR;
				CLANG_WARN_DOCUMENTATION_COMMENTS = YES;
				CLANG_WARN_EMPTY_BODY = YES;
				CLANG_WARN_ENUM_CONVERSION = YES;
				CLANG_WARN_INFINITE_RECURSION = YES;
				CLANG_WARN_INT_CONVERSION = YES;
				CLANG_WARN_NON_LITERAL_NULL_CONVERSION = YES;
				CLANG_WARN_OBJC_IMPLICIT_RETAIN_SELF = YES;
				CLANG_WARN_OBJC_LITERAL_CONVERSION = YES;
				CLANG_WARN_OBJC_ROOT_CLASS = YES_ERROR;
				CLANG_WARN_QUOTED_INCLUDE_IN_FRAMEWORK_HEADER = YES;
				CLANG_WARN_RANGE_LOOP_ANALYSIS = YES;
				CLANG_WARN_STRICT_PROTOTYPES = YES;
				CLANG_WARN_SUSPICIOUS_MOVE = YES;
				CLANG_WARN_UNGUARDED_AVAILABILITY = YES_AGGRESSIVE;
				CLANG_WARN_UNREACHABLE_CODE = YES;
				CLANG_WARN__DUPLICATE_METHOD_MATCH = YES;
				COPY_PHASE_STRIP = NO;
				DEBUG_INFORMATION_FORMAT = dwarf;
				ENABLE_STRICT_OBJC_MSGSEND = YES;
				ENABLE_TESTABILITY = YES;
				ENABLE_USER_SCRIPT_SANDBOXING = YES;
				GCC_C_LANGUAGE_STANDARD = gnu17;
				GCC_DYNAMIC_NO_PIC = NO;
				GCC_NO_COMMON_BLOCKS = YES;
				GCC_OPTIMIZATION_LEVEL = 0;
				GCC_PREPROCESSOR_DEFINITIONS = (
					"DEBUG=1",
					"$(inherited)",
				);
				GCC_WARN_64_TO_32_BIT_CONVERSION = YES;
				GCC_WARN_ABOUT_RETURN_TYPE = YES_ERROR;
				GCC_WARN_UNDECLARED_SELECTOR = YES;
				GCC_WARN_UNINITIALIZED_AUTOS = YES_AGGRESSIVE;
				GCC_WARN_UNUSED_FUNCTION = YES;
				GCC_WARN_UNUSED_VARIABLE = YES;
				IPHONEOS_DEPLOYMENT_TARGET = 17.5;
				LOCALIZATION_PREFERS_STRING_CATALOGS = YES;
				MTL_ENABLE_DEBUG_INFO = INCLUDE_SOURCE;
				MTL_FAST_MATH = YES;
				ONLY_ACTIVE_ARCH = YES;
				SDKROOT = iphoneos;
				SWIFT_ACTIVE_COMPILATION_CONDITIONS = "DEBUG $(inherited)";
				SWIFT_OPTIMIZATION_LEVEL = "-Onone";
			};
			name = Debug;
		};
		595FEE392D5B207F003F7F63 /* Release */ = {
			isa = XCBuildConfiguration;
			buildSettings = {
				ALWAYS_SEARCH_USER_PATHS = NO;
				ASSETCATALOG_COMPILER_GENERATE_SWIFT_ASSET_SYMBOL_EXTENSIONS = YES;
				CLANG_ANALYZER_NONNULL = YES;
				CLANG_ANALYZER_NUMBER_OBJECT_CONVERSION = YES_AGGRESSIVE;
				CLANG_CXX_LANGUAGE_STANDARD = "gnu++20";
				CLANG_ENABLE_MODULES = YES;
				CLANG_ENABLE_OBJC_ARC = YES;
				CLANG_ENABLE_OBJC_WEAK = YES;
				CLANG_WARN_BLOCK_CAPTURE_AUTORELEASING = YES;
				CLANG_WARN_BOOL_CONVERSION = YES;
				CLANG_WARN_COMMA = YES;
				CLANG_WARN_CONSTANT_CONVERSION = YES;
				CLANG_WARN_DEPRECATED_OBJC_IMPLEMENTATIONS = YES;
				CLANG_WARN_DIRECT_OBJC_ISA_USAGE = YES_ERROR;
				CLANG_WARN_DOCUMENTATION_COMMENTS = YES;
				CLANG_WARN_EMPTY_BODY = YES;
				CLANG_WARN_ENUM_CONVERSION = YES;
				CLANG_WARN_INFINITE_RECURSION = YES;
				CLANG_WARN_INT_CONVERSION = YES;
				CLANG_WARN_NON_LITERAL_NULL_CONVERSION = YES;
				CLANG_WARN_OBJC_IMPLICIT_RETAIN_SELF = YES;
				CLANG_WARN_OBJC_LITERAL_CONVERSION = YES;
				CLANG_WARN_OBJC_ROOT_CLASS = YES_ERROR;
				CLANG_WARN_QUOTED_INCLUDE_IN_FRAMEWORK_HEADER = YES;
				CLANG_WARN_RANGE_LOOP_ANALYSIS = YES;
				CLANG_WARN_STRICT_PROTOTYPES = YES;
				CLANG_WARN_SUSPICIOUS_MOVE = YES;
				CLANG_WARN_UNGUARDED_AVAILABILITY = YES_AGGRESSIVE;
				CLANG_WARN_UNREACHABLE_CODE = YES;
				CLANG_WARN__DUPLICATE_METHOD_MATCH = YES;
				COPY_PHASE_STRIP = NO;
				DEBUG_INFORMATION_FORMAT = "dwarf-with-dsym";
				ENABLE_NS_ASSERTIONS = NO;
				ENABLE_STRICT_OBJC_MSGSEND = YES;
				ENABLE_USER_SCRIPT_SANDBOXING = YES;
				GCC_C_LANGUAGE_STANDARD = gnu17;
				GCC_NO_COMMON_BLOCKS = YES;
				GCC_WARN_64_TO_32_BIT_CONVERSION = YES;
				GCC_WARN_ABOUT_RETURN_TYPE = YES_ERROR;
				GCC_WARN_UNDECLARED_SELECTOR = YES;
				GCC_WARN_UNINITIALIZED_AUTOS = YES_AGGRESSIVE;
				GCC_WARN_UNUSED_FUNCTION = YES;
				GCC_WARN_UNUSED_VARIABLE = YES;
				IPHONEOS_DEPLOYMENT_TARGET = 17.5;
				LOCALIZATION_PREFERS_STRING_CATALOGS = YES;
				MTL_ENABLE_DEBUG_INFO = NO;
				MTL_FAST_MATH = YES;
				SDKROOT = iphoneos;
				SWIFT_COMPILATION_MODE = wholemodule;
				VALIDATE_PRODUCT = YES;
			};
			name = Release;
		};
		595FEE3B2D5B207F003F7F63 /* Debug */ = {
			isa = XCBuildConfiguration;
			buildSettings = {
				ASSETCATALOG_COMPILER_APPICON_NAME = AppIcon;
				ASSETCATALOG_COMPILER_GLOBAL_ACCENT_COLOR_NAME = AccentColor;
				CODE_SIGN_STYLE = Automatic;
				CURRENT_PROJECT_VERSION = 1;
				DEVELOPMENT_ASSET_PATHS = "\"SwiftUIDay02ShopStep01/Preview Content\"";
				ENABLE_PREVIEWS = YES;
				GENERATE_INFOPLIST_FILE = YES;
				INFOPLIST_KEY_UIApplicationSceneManifest_Generation = YES;
				INFOPLIST_KEY_UIApplicationSupportsIndirectInputEvents = YES;
				INFOPLIST_KEY_UILaunchScreen_Generation = YES;
				INFOPLIST_KEY_UISupportedInterfaceOrientations_iPad = "UIInterfaceOrientationPortrait UIInterfaceOrientationPortraitUpsideDown UIInterfaceOrientationLandscapeLeft UIInterfaceOrientationLandscapeRight";
				INFOPLIST_KEY_UISupportedInterfaceOrientations_iPhone = "UIInterfaceOrientationPortrait UIInterfaceOrientationLandscapeLeft UIInterfaceOrientationLandscapeRight";
				LD_RUNPATH_SEARCH_PATHS = (
					"$(inherited)",
					"@executable_path/Frameworks",
				);
				MARKETING_VERSION = 1.0;
				PRODUCT_BUNDLE_IDENTIFIER = org.comstudy.myapp.SwiftUIDay02ShopStep01;
				PRODUCT_NAME = "$(TARGET_NAME)";
				SWIFT_EMIT_LOC_STRINGS = YES;
				SWIFT_VERSION = 5.0;
				TARGETED_DEVICE_FAMILY = "1,2";
			};
			name = Debug;
		};
		595FEE3C2D5B207F003F7F63 /* Release */ = {
			isa = XCBuildConfiguration;
			buildSettings = {
				ASSETCATALOG_COMPILER_APPICON_NAME = AppIcon;
				ASSETCATALOG_COMPILER_GLOBAL_ACCENT_COLOR_NAME = AccentColor;
				CODE_SIGN_STYLE = Automatic;
				CURRENT_PROJECT_VERSION = 1;
				DEVELOPMENT_ASSET_PATHS = "\"SwiftUIDay02ShopStep01/Preview Content\"";
				ENABLE_PREVIEWS = YES;
				GENERATE_INFOPLIST_FILE = YES;
				INFOPLIST_KEY_UIApplicationSceneManifest_Generation = YES;
				INFOPLIST_KEY_UIApplicationSupportsIndirectInputEvents = YES;
				INFOPLIST_KEY_UILaunchScreen_Generation = YES;
				INFOPLIST_KEY_UISupportedInterfaceOrientations_iPad = "UIInterfaceOrientationPortrait UIInterfaceOrientationPortraitUpsideDown UIInterfaceOrientationLandscapeLeft UIInterfaceOrientationLandscapeRight";
				INFOPLIST_KEY_UISupportedInterfaceOrientations_iPhone = "UIInterfaceOrientationPortrait UIInterfaceOrientationLandscapeLeft UIInterfaceOrientationLandscapeRight";
				LD_RUNPATH_SEARCH_PATHS = (
					"$(inherited)",
					"@executable_path/Frameworks",
				);
				MARKETING_VERSION = 1.0;
				PRODUCT_BUNDLE_IDENTIFIER = org.comstudy.myapp.SwiftUIDay02ShopStep01;
				PRODUCT_NAME = "$(TARGET_NAME)";
				SWIFT_EMIT_LOC_STRINGS = YES;
				SWIFT_VERSION = 5.0;
				TARGETED_DEVICE_FAMILY = "1,2";
			};
			name = Release;
		};
/* End XCBuildConfiguration section */

/* Begin XCConfigurationList section */
		595FEE272D5B207E003F7F63 /* Build configuration list for PBXProject "SwiftUIDay02ShopStep01" */ = {
			isa = XCConfigurationList;
			buildConfigurations = (
				595FEE382D5B207F003F7F63 /* Debug */,
				595FEE392D5B207F003F7F63 /* Release */,
			);
			defaultConfigurationIsVisible = 0;
			defaultConfigurationName = Release;
		};
		595FEE3A2D5B207F003F7F63 /* Build configuration list for PBXNativeTarget "SwiftUIDay02ShopStep01" */ = {
			isa = XCConfigurationList;
			buildConfigurations = (
				595FEE3B2D5B207F003F7F63 /* Debug */,
				595FEE3C2D5B207F003F7F63 /* Release */,
			);
			defaultConfigurationIsVisible = 0;
			defaultConfigurationName = Release;
		};
/* End XCConfigurationList section */
	};
	rootObject = 595FEE242D5B207E003F7F63 /* Project object */;
}
