// !$*UTF8*$!
{
	archiveVersion = 1;
	classes = {
	};
	objectVersion = 56;
	objects = {

/* Begin PBXBuildFile section */
		59368FE92D57A37A00689C89 /* BadgeBackground.swift in Sources */ = {isa = PBXBuildFile; fileRef = 59368FE82D57A37A00689C89 /* BadgeBackground.swift */; };
		59368FEB2D57A84300689C89 /* BadgeSymbol.swift in Sources */ = {isa = PBXBuildFile; fileRef = 59368FEA2D57A84300689C89 /* BadgeSymbol.swift */; };
		59368FED2D57AADA00689C89 /* RotateBadgeSymbol.swift in Sources */ = {isa = PBXBuildFile; fileRef = 59368FEC2D57AADA00689C89 /* RotateBadgeSymbol.swift */; };
		59368FEF2D57AB4800689C89 /* Badge.swift in Sources */ = {isa = PBXBuildFile; fileRef = 59368FEE2D57AB4800689C89 /* Badge.swift */; };
		59368FF22D57AEE200689C89 /* hikeData.json in Resources */ = {isa = PBXBuildFile; fileRef = 59368FF12D57AEE200689C89 /* hikeData.json */; };
		59368FF42D57AF0900689C89 /* Hike.swift in Sources */ = {isa = PBXBuildFile; fileRef = 59368FF32D57AF0900689C89 /* Hike.swift */; };
		59368FFA2D57B02900689C89 /* GraphCapsule.swift in Sources */ = {isa = PBXBuildFile; fileRef = 59368FF52D57B02900689C89 /* GraphCapsule.swift */; };
		59368FFB2D57B02900689C89 /* HikeDetail.swift in Sources */ = {isa = PBXBuildFile; fileRef = 59368FF62D57B02900689C89 /* HikeDetail.swift */; };
		59368FFC2D57B02900689C89 /* HikeGraph.swift in Sources */ = {isa = PBXBuildFile; fileRef = 59368FF72D57B02900689C89 /* HikeGraph.swift */; };
		59368FFD2D57B02900689C89 /* HikeView.swift in Sources */ = {isa = PBXBuildFile; fileRef = 59368FF82D57B02900689C89 /* HikeView.swift */; };
		593690062D57BD6100689C89 /* Profile.swift in Sources */ = {isa = PBXBuildFile; fileRef = 593690052D57BD6100689C89 /* Profile.swift */; };
		593690092D584F5B00689C89 /* ProfileHost.swift in Sources */ = {isa = PBXBuildFile; fileRef = 593690082D584F5B00689C89 /* ProfileHost.swift */; };
		5936900B2D584FB200689C89 /* ProfileSummary.swift in Sources */ = {isa = PBXBuildFile; fileRef = 5936900A2D584FB200689C89 /* ProfileSummary.swift */; };
		5936900D2D58515F00689C89 /* HikeBadge.swift in Sources */ = {isa = PBXBuildFile; fileRef = 5936900C2D58515F00689C89 /* HikeBadge.swift */; };
		5936900F2D58576700689C89 /* ProfileEditor.swift in Sources */ = {isa = PBXBuildFile; fileRef = 5936900E2D58576700689C89 /* ProfileEditor.swift */; };
		593690122D585AF700689C89 /* PageViewController.swift in Sources */ = {isa = PBXBuildFile; fileRef = 593690112D585AF700689C89 /* PageViewController.swift */; };
		593690142D585CB900689C89 /* FeatureCard.swift in Sources */ = {isa = PBXBuildFile; fileRef = 593690132D585CB900689C89 /* FeatureCard.swift */; };
		593690162D585EBF00689C89 /* PageView.swift in Sources */ = {isa = PBXBuildFile; fileRef = 593690152D585EBF00689C89 /* PageView.swift */; };
		593690182D58CAAD00689C89 /* PageControl.swift in Sources */ = {isa = PBXBuildFile; fileRef = 593690172D58CAAD00689C89 /* PageControl.swift */; };
		593690222D58D17100689C89 /* ContentView.swift in Sources */ = {isa = PBXBuildFile; fileRef = 593690212D58D17100689C89 /* ContentView.swift */; };
		593690242D58D17300689C89 /* Assets.xcassets in Resources */ = {isa = PBXBuildFile; fileRef = 593690232D58D17300689C89 /* Assets.xcassets */; };
		593690272D58D17300689C89 /* Preview Assets.xcassets in Resources */ = {isa = PBXBuildFile; fileRef = 593690262D58D17300689C89 /* Preview Assets.xcassets */; };
		5936902A2D58D17300689C89 /* WatchLandmarks Watch App.app in Embed Watch Content */ = {isa = PBXBuildFile; fileRef = 5936901D2D58D17100689C89 /* WatchLandmarks Watch App.app */; settings = {ATTRIBUTES = (RemoveHeadersOnCopy, ); }; };
		594406D02D4D163200622784 /* HexagonParameters.swift in Sources */ = {isa = PBXBuildFile; fileRef = 594406CF2D4D163200622784 /* HexagonParameters.swift */; };
		5977A87C2D58F6A100B5B33B /* LandmarkCommands.swift in Sources */ = {isa = PBXBuildFile; fileRef = 5977A87B2D58F6A100B5B33B /* LandmarkCommands.swift */; };
		5977A87D2D58F6A100B5B33B /* LandmarkCommands.swift in Sources */ = {isa = PBXBuildFile; fileRef = 5977A87B2D58F6A100B5B33B /* LandmarkCommands.swift */; };
		5989082B2D4BB7440024CCEF /* LandmarksApp.swift in Sources */ = {isa = PBXBuildFile; fileRef = 5989082A2D4BB7440024CCEF /* LandmarksApp.swift */; };
		5989082D2D4BB7440024CCEF /* ContentView.swift in Sources */ = {isa = PBXBuildFile; fileRef = 5989082C2D4BB7440024CCEF /* ContentView.swift */; };
		5989082F2D4BB7460024CCEF /* Assets.xcassets in Resources */ = {isa = PBXBuildFile; fileRef = 5989082E2D4BB7460024CCEF /* Assets.xcassets */; };
		598908322D4BB7460024CCEF /* Preview Assets.xcassets in Resources */ = {isa = PBXBuildFile; fileRef = 598908312D4BB7460024CCEF /* Preview Assets.xcassets */; };
		598908402D4BB7DE0024CCEF /* ModelData.swift in Sources */ = {isa = PBXBuildFile; fileRef = 5989083F2D4BB7DE0024CCEF /* ModelData.swift */; };
		598908422D4BB7F90024CCEF /* Landmark.swift in Sources */ = {isa = PBXBuildFile; fileRef = 598908412D4BB7F90024CCEF /* Landmark.swift */; };
		598908442D4BB8220024CCEF /* landmarkData.json in Resources */ = {isa = PBXBuildFile; fileRef = 598908432D4BB8220024CCEF /* landmarkData.json */; };
		598908462D4BB8420024CCEF /* LandmarkRow.swift in Sources */ = {isa = PBXBuildFile; fileRef = 598908452D4BB8420024CCEF /* LandmarkRow.swift */; };
		599BF5332D4BBCAF00BE1B8D /* LandmarkList.swift in Sources */ = {isa = PBXBuildFile; fileRef = 599BF5322D4BBCAF00BE1B8D /* LandmarkList.swift */; };
		599BF5352D4CF6B400BE1B8D /* LandmarkDetail.swift in Sources */ = {isa = PBXBuildFile; fileRef = 599BF5342D4CF6B400BE1B8D /* LandmarkDetail.swift */; };
		59D885492D58D4F800BB7B59 /* CircleImage.swift in Sources */ = {isa = PBXBuildFile; fileRef = 59D885452D58D4F800BB7B59 /* CircleImage.swift */; };
		59D8854A2D58D4F800BB7B59 /* CircleImage.swift in Sources */ = {isa = PBXBuildFile; fileRef = 59D885452D58D4F800BB7B59 /* CircleImage.swift */; };
		59D8854B2D58D4F800BB7B59 /* FavoriteButton.swift in Sources */ = {isa = PBXBuildFile; fileRef = 59D885462D58D4F800BB7B59 /* FavoriteButton.swift */; };
		59D8854D2D58D4F800BB7B59 /* MapView.swift in Sources */ = {isa = PBXBuildFile; fileRef = 59D885472D58D4F800BB7B59 /* MapView.swift */; };
		59D8854E2D58D4F800BB7B59 /* MapView.swift in Sources */ = {isa = PBXBuildFile; fileRef = 59D885472D58D4F800BB7B59 /* MapView.swift */; };
		59D8854F2D58D58000BB7B59 /* Assets.xcassets in Resources */ = {isa = PBXBuildFile; fileRef = 5989082E2D4BB7460024CCEF /* Assets.xcassets */; };
		59D885502D58D58000BB7B59 /* landmarkData.json in Resources */ = {isa = PBXBuildFile; fileRef = 598908432D4BB8220024CCEF /* landmarkData.json */; };
		59D885512D58D58000BB7B59 /* hikeData.json in Resources */ = {isa = PBXBuildFile; fileRef = 59368FF12D57AEE200689C89 /* hikeData.json */; };
		59D885532D58D58000BB7B59 /* Hike.swift in Sources */ = {isa = PBXBuildFile; fileRef = 59368FF32D57AF0900689C89 /* Hike.swift */; };
		59D885542D58D58000BB7B59 /* ModelData.swift in Sources */ = {isa = PBXBuildFile; fileRef = 5989083F2D4BB7DE0024CCEF /* ModelData.swift */; };
		59D885552D58D58000BB7B59 /* Landmark.swift in Sources */ = {isa = PBXBuildFile; fileRef = 598908412D4BB7F90024CCEF /* Landmark.swift */; };
		59D885562D58D58000BB7B59 /* LandmarksApp.swift in Sources */ = {isa = PBXBuildFile; fileRef = 5989082A2D4BB7440024CCEF /* LandmarksApp.swift */; };
		59D885572D58D58000BB7B59 /* LandmarkRow.swift in Sources */ = {isa = PBXBuildFile; fileRef = 598908452D4BB8420024CCEF /* LandmarkRow.swift */; };
		59D885582D58D58000BB7B59 /* Profile.swift in Sources */ = {isa = PBXBuildFile; fileRef = 593690052D57BD6100689C89 /* Profile.swift */; };
		59D8855A2D58D62400BB7B59 /* LandmarkDetail.swift in Sources */ = {isa = PBXBuildFile; fileRef = 59D885592D58D62400BB7B59 /* LandmarkDetail.swift */; };
		59D8855F2D58D70400BB7B59 /* CategoryHome.swift in Sources */ = {isa = PBXBuildFile; fileRef = 59D8855B2D58D70400BB7B59 /* CategoryHome.swift */; };
		59D885602D58D70400BB7B59 /* CategoryItem.swift in Sources */ = {isa = PBXBuildFile; fileRef = 59D8855C2D58D70400BB7B59 /* CategoryItem.swift */; };
		59D885612D58D70400BB7B59 /* CategoryRow.swift in Sources */ = {isa = PBXBuildFile; fileRef = 59D8855D2D58D70400BB7B59 /* CategoryRow.swift */; };
		59D885632D58DC9000BB7B59 /* NotificationView.swift in Sources */ = {isa = PBXBuildFile; fileRef = 59D885622D58DC9000BB7B59 /* NotificationView.swift */; };
		59D885652D58E0D000BB7B59 /* NotificationController.swift in Sources */ = {isa = PBXBuildFile; fileRef = 59D885642D58E0D000BB7B59 /* NotificationController.swift */; };
		59D885702D58E79300BB7B59 /* ContentView.swift in Sources */ = {isa = PBXBuildFile; fileRef = 59D8856F2D58E79300BB7B59 /* ContentView.swift */; };
		59D885722D58E79500BB7B59 /* Assets.xcassets in Resources */ = {isa = PBXBuildFile; fileRef = 59D885712D58E79500BB7B59 /* Assets.xcassets */; };
		59D885752D58E79500BB7B59 /* Preview Assets.xcassets in Resources */ = {isa = PBXBuildFile; fileRef = 59D885742D58E79500BB7B59 /* Preview Assets.xcassets */; };
		59D8857A2D58E81800BB7B59 /* Assets.xcassets in Resources */ = {isa = PBXBuildFile; fileRef = 5989082E2D4BB7460024CCEF /* Assets.xcassets */; };
		59D8857B2D58E81800BB7B59 /* landmarkData.json in Resources */ = {isa = PBXBuildFile; fileRef = 598908432D4BB8220024CCEF /* landmarkData.json */; };
		59D8857C2D58E81800BB7B59 /* hikeData.json in Resources */ = {isa = PBXBuildFile; fileRef = 59368FF12D57AEE200689C89 /* hikeData.json */; };
		59D8857D2D58E81800BB7B59 /* Landmark.swift in Sources */ = {isa = PBXBuildFile; fileRef = 598908412D4BB7F90024CCEF /* Landmark.swift */; };
		59D8857E2D58E81800BB7B59 /* LandmarksApp.swift in Sources */ = {isa = PBXBuildFile; fileRef = 5989082A2D4BB7440024CCEF /* LandmarksApp.swift */; };
		59D8857F2D58E81800BB7B59 /* Profile.swift in Sources */ = {isa = PBXBuildFile; fileRef = 593690052D57BD6100689C89 /* Profile.swift */; };
		59D885802D58E81800BB7B59 /* LandmarkList.swift in Sources */ = {isa = PBXBuildFile; fileRef = 599BF5322D4BBCAF00BE1B8D /* LandmarkList.swift */; };
		59D885812D58E81800BB7B59 /* Hike.swift in Sources */ = {isa = PBXBuildFile; fileRef = 59368FF32D57AF0900689C89 /* Hike.swift */; };
		59D885822D58E81800BB7B59 /* CircleImage.swift in Sources */ = {isa = PBXBuildFile; fileRef = 59D885452D58D4F800BB7B59 /* CircleImage.swift */; };
		59D885832D58E81800BB7B59 /* LandmarkRow.swift in Sources */ = {isa = PBXBuildFile; fileRef = 598908452D4BB8420024CCEF /* LandmarkRow.swift */; };
		59D885842D58E81800BB7B59 /* MapView.swift in Sources */ = {isa = PBXBuildFile; fileRef = 59D885472D58D4F800BB7B59 /* MapView.swift */; };
		59D885852D58E81800BB7B59 /* ModelData.swift in Sources */ = {isa = PBXBuildFile; fileRef = 5989083F2D4BB7DE0024CCEF /* ModelData.swift */; };
		59D885862D58E81800BB7B59 /* FavoriteButton.swift in Sources */ = {isa = PBXBuildFile; fileRef = 59D885462D58D4F800BB7B59 /* FavoriteButton.swift */; };
		59D885882D58E9E500BB7B59 /* LandmarkDetail.swift in Sources */ = {isa = PBXBuildFile; fileRef = 59D885872D58E9E500BB7B59 /* LandmarkDetail.swift */; };
		59D8858A2D58EF7500BB7B59 /* LandmarkList.swift in Sources */ = {isa = PBXBuildFile; fileRef = 59D885892D58EF7500BB7B59 /* LandmarkList.swift */; };
/* End PBXBuildFile section */

/* Begin PBXContainerItemProxy section */
		593690282D58D17300689C89 /* PBXContainerItemProxy */ = {
			isa = PBXContainerItemProxy;
			containerPortal = 5989081F2D4BB7440024CCEF /* Project object */;
			proxyType = 1;
			remoteGlobalIDString = 5936901C2D58D17100689C89;
			remoteInfo = "WatchLandmarks Watch App";
		};
/* End PBXContainerItemProxy section */

/* Begin PBXCopyFilesBuildPhase section */
		5936902E2D58D17300689C89 /* Embed Watch Content */ = {
			isa = PBXCopyFilesBuildPhase;
			buildActionMask = 2147483647;
			dstPath = "$(CONTENTS_FOLDER_PATH)/Watch";
			dstSubfolderSpec = 16;
			files = (
				5936902A2D58D17300689C89 /* WatchLandmarks Watch App.app in Embed Watch Content */,
			);
			name = "Embed Watch Content";
			runOnlyForDeploymentPostprocessing = 0;
		};
/* End PBXCopyFilesBuildPhase section */

/* Begin PBXFileReference section */
		59368FE82D57A37A00689C89 /* BadgeBackground.swift */ = {isa = PBXFileReference; lastKnownFileType = sourcecode.swift; path = BadgeBackground.swift; sourceTree = "<group>"; };
		59368FEA2D57A84300689C89 /* BadgeSymbol.swift */ = {isa = PBXFileReference; lastKnownFileType = sourcecode.swift; path = BadgeSymbol.swift; sourceTree = "<group>"; };
		59368FEC2D57AADA00689C89 /* RotateBadgeSymbol.swift */ = {isa = PBXFileReference; lastKnownFileType = sourcecode.swift; path = RotateBadgeSymbol.swift; sourceTree = "<group>"; };
		59368FEE2D57AB4800689C89 /* Badge.swift */ = {isa = PBXFileReference; lastKnownFileType = sourcecode.swift; path = Badge.swift; sourceTree = "<group>"; };
		59368FF12D57AEE200689C89 /* hikeData.json */ = {isa = PBXFileReference; fileEncoding = 4; lastKnownFileType = text.json; path = hikeData.json; sourceTree = "<group>"; };
		59368FF32D57AF0900689C89 /* Hike.swift */ = {isa = PBXFileReference; lastKnownFileType = sourcecode.swift; path = Hike.swift; sourceTree = "<group>"; };
		59368FF52D57B02900689C89 /* GraphCapsule.swift */ = {isa = PBXFileReference; fileEncoding = 4; lastKnownFileType = sourcecode.swift; path = GraphCapsule.swift; sourceTree = "<group>"; };
		59368FF62D57B02900689C89 /* HikeDetail.swift */ = {isa = PBXFileReference; fileEncoding = 4; lastKnownFileType = sourcecode.swift; path = HikeDetail.swift; sourceTree = "<group>"; };
		59368FF72D57B02900689C89 /* HikeGraph.swift */ = {isa = PBXFileReference; fileEncoding = 4; lastKnownFileType = sourcecode.swift; path = HikeGraph.swift; sourceTree = "<group>"; };
		59368FF82D57B02900689C89 /* HikeView.swift */ = {isa = PBXFileReference; fileEncoding = 4; lastKnownFileType = sourcecode.swift; path = HikeView.swift; sourceTree = "<group>"; };
		593690052D57BD6100689C89 /* Profile.swift */ = {isa = PBXFileReference; lastKnownFileType = sourcecode.swift; path = Profile.swift; sourceTree = "<group>"; };
		593690082D584F5B00689C89 /* ProfileHost.swift */ = {isa = PBXFileReference; lastKnownFileType = sourcecode.swift; path = ProfileHost.swift; sourceTree = "<group>"; };
		5936900A2D584FB200689C89 /* ProfileSummary.swift */ = {isa = PBXFileReference; lastKnownFileType = sourcecode.swift; path = ProfileSummary.swift; sourceTree = "<group>"; };
		5936900C2D58515F00689C89 /* HikeBadge.swift */ = {isa = PBXFileReference; lastKnownFileType = sourcecode.swift; path = HikeBadge.swift; sourceTree = "<group>"; };
		5936900E2D58576700689C89 /* ProfileEditor.swift */ = {isa = PBXFileReference; lastKnownFileType = sourcecode.swift; path = ProfileEditor.swift; sourceTree = "<group>"; };
		593690112D585AF700689C89 /* PageViewController.swift */ = {isa = PBXFileReference; lastKnownFileType = sourcecode.swift; path = PageViewController.swift; sourceTree = "<group>"; };
		593690132D585CB900689C89 /* FeatureCard.swift */ = {isa = PBXFileReference; lastKnownFileType = sourcecode.swift; path = FeatureCard.swift; sourceTree = "<group>"; };
		593690152D585EBF00689C89 /* PageView.swift */ = {isa = PBXFileReference; lastKnownFileType = sourcecode.swift; path = PageView.swift; sourceTree = "<group>"; };
		593690172D58CAAD00689C89 /* PageControl.swift */ = {isa = PBXFileReference; lastKnownFileType = sourcecode.swift; path = PageControl.swift; sourceTree = "<group>"; };
		5936901D2D58D17100689C89 /* WatchLandmarks Watch App.app */ = {isa = PBXFileReference; explicitFileType = wrapper.application; includeInIndex = 0; path = "WatchLandmarks Watch App.app"; sourceTree = BUILT_PRODUCTS_DIR; };
		593690212D58D17100689C89 /* ContentView.swift */ = {isa = PBXFileReference; lastKnownFileType = sourcecode.swift; path = ContentView.swift; sourceTree = "<group>"; };
		593690232D58D17300689C89 /* Assets.xcassets */ = {isa = PBXFileReference; lastKnownFileType = folder.assetcatalog; path = Assets.xcassets; sourceTree = "<group>"; };
		593690262D58D17300689C89 /* Preview Assets.xcassets */ = {isa = PBXFileReference; lastKnownFileType = folder.assetcatalog; path = "Preview Assets.xcassets"; sourceTree = "<group>"; };
		594406CF2D4D163200622784 /* HexagonParameters.swift */ = {isa = PBXFileReference; lastKnownFileType = sourcecode.swift; path = HexagonParameters.swift; sourceTree = "<group>"; };
		5977A87B2D58F6A100B5B33B /* LandmarkCommands.swift */ = {isa = PBXFileReference; lastKnownFileType = sourcecode.swift; path = LandmarkCommands.swift; sourceTree = "<group>"; };
		598908272D4BB7440024CCEF /* Landmarks.app */ = {isa = PBXFileReference; explicitFileType = wrapper.application; includeInIndex = 0; path = Landmarks.app; sourceTree = BUILT_PRODUCTS_DIR; };
		5989082A2D4BB7440024CCEF /* LandmarksApp.swift */ = {isa = PBXFileReference; lastKnownFileType = sourcecode.swift; path = LandmarksApp.swift; sourceTree = "<group>"; };
		5989082C2D4BB7440024CCEF /* ContentView.swift */ = {isa = PBXFileReference; lastKnownFileType = sourcecode.swift; path = ContentView.swift; sourceTree = "<group>"; };
		5989082E2D4BB7460024CCEF /* Assets.xcassets */ = {isa = PBXFileReference; lastKnownFileType = folder.assetcatalog; path = Assets.xcassets; sourceTree = "<group>"; };
		598908312D4BB7460024CCEF /* Preview Assets.xcassets */ = {isa = PBXFileReference; lastKnownFileType = folder.assetcatalog; path = "Preview Assets.xcassets"; sourceTree = "<group>"; };
		5989083F2D4BB7DE0024CCEF /* ModelData.swift */ = {isa = PBXFileReference; lastKnownFileType = sourcecode.swift; path = ModelData.swift; sourceTree = "<group>"; };
		598908412D4BB7F90024CCEF /* Landmark.swift */ = {isa = PBXFileReference; lastKnownFileType = sourcecode.swift; path = Landmark.swift; sourceTree = "<group>"; };
		598908432D4BB8220024CCEF /* landmarkData.json */ = {isa = PBXFileReference; fileEncoding = 4; lastKnownFileType = text.json; path = landmarkData.json; sourceTree = "<group>"; };
		598908452D4BB8420024CCEF /* LandmarkRow.swift */ = {isa = PBXFileReference; lastKnownFileType = sourcecode.swift; path = LandmarkRow.swift; sourceTree = "<group>"; };
		599BF5322D4BBCAF00BE1B8D /* LandmarkList.swift */ = {isa = PBXFileReference; lastKnownFileType = sourcecode.swift; path = LandmarkList.swift; sourceTree = "<group>"; };
		599BF5342D4CF6B400BE1B8D /* LandmarkDetail.swift */ = {isa = PBXFileReference; lastKnownFileType = sourcecode.swift; path = LandmarkDetail.swift; sourceTree = "<group>"; };
		59D885452D58D4F800BB7B59 /* CircleImage.swift */ = {isa = PBXFileReference; fileEncoding = 4; lastKnownFileType = sourcecode.swift; path = CircleImage.swift; sourceTree = "<group>"; };
		59D885462D58D4F800BB7B59 /* FavoriteButton.swift */ = {isa = PBXFileReference; fileEncoding = 4; lastKnownFileType = sourcecode.swift; path = FavoriteButton.swift; sourceTree = "<group>"; };
		59D885472D58D4F800BB7B59 /* MapView.swift */ = {isa = PBXFileReference; fileEncoding = 4; lastKnownFileType = sourcecode.swift; path = MapView.swift; sourceTree = "<group>"; };
		59D885592D58D62400BB7B59 /* LandmarkDetail.swift */ = {isa = PBXFileReference; lastKnownFileType = sourcecode.swift; path = LandmarkDetail.swift; sourceTree = "<group>"; };
		59D8855B2D58D70400BB7B59 /* CategoryHome.swift */ = {isa = PBXFileReference; fileEncoding = 4; lastKnownFileType = sourcecode.swift; path = CategoryHome.swift; sourceTree = "<group>"; };
		59D8855C2D58D70400BB7B59 /* CategoryItem.swift */ = {isa = PBXFileReference; fileEncoding = 4; lastKnownFileType = sourcecode.swift; path = CategoryItem.swift; sourceTree = "<group>"; };
		59D8855D2D58D70400BB7B59 /* CategoryRow.swift */ = {isa = PBXFileReference; fileEncoding = 4; lastKnownFileType = sourcecode.swift; path = CategoryRow.swift; sourceTree = "<group>"; };
		59D885622D58DC9000BB7B59 /* NotificationView.swift */ = {isa = PBXFileReference; lastKnownFileType = sourcecode.swift; path = NotificationView.swift; sourceTree = "<group>"; };
		59D885642D58E0D000BB7B59 /* NotificationController.swift */ = {isa = PBXFileReference; lastKnownFileType = sourcecode.swift; path = NotificationController.swift; sourceTree = "<group>"; };
		59D885662D58E3C900BB7B59 /* PushNotificationPayload.apns */ = {isa = PBXFileReference; lastKnownFileType = text; path = PushNotificationPayload.apns; sourceTree = "<group>"; };
		59D8856B2D58E79300BB7B59 /* MacLandmarks.app */ = {isa = PBXFileReference; explicitFileType = wrapper.application; includeInIndex = 0; path = MacLandmarks.app; sourceTree = BUILT_PRODUCTS_DIR; };
		59D8856F2D58E79300BB7B59 /* ContentView.swift */ = {isa = PBXFileReference; lastKnownFileType = sourcecode.swift; path = ContentView.swift; sourceTree = "<group>"; };
		59D885712D58E79500BB7B59 /* Assets.xcassets */ = {isa = PBXFileReference; lastKnownFileType = folder.assetcatalog; path = Assets.xcassets; sourceTree = "<group>"; };
		59D885742D58E79500BB7B59 /* Preview Assets.xcassets */ = {isa = PBXFileReference; lastKnownFileType = folder.assetcatalog; path = "Preview Assets.xcassets"; sourceTree = "<group>"; };
		59D885762D58E79500BB7B59 /* MacLandmarks.entitlements */ = {isa = PBXFileReference; lastKnownFileType = text.plist.entitlements; path = MacLandmarks.entitlements; sourceTree = "<group>"; };
		59D885872D58E9E500BB7B59 /* LandmarkDetail.swift */ = {isa = PBXFileReference; lastKnownFileType = sourcecode.swift; path = LandmarkDetail.swift; sourceTree = "<group>"; };
		59D885892D58EF7500BB7B59 /* LandmarkList.swift */ = {isa = PBXFileReference; lastKnownFileType = sourcecode.swift; path = LandmarkList.swift; sourceTree = "<group>"; };
/* End PBXFileReference section */

/* Begin PBXFrameworksBuildPhase section */
		5936901A2D58D17100689C89 /* Frameworks */ = {
			isa = PBXFrameworksBuildPhase;
			buildActionMask = 2147483647;
			files = (
			);
			runOnlyForDeploymentPostprocessing = 0;
		};
		598908242D4BB7440024CCEF /* Frameworks */ = {
			isa = PBXFrameworksBuildPhase;
			buildActionMask = 2147483647;
			files = (
			);
			runOnlyForDeploymentPostprocessing = 0;
		};
		59D885682D58E79300BB7B59 /* Frameworks */ = {
			isa = PBXFrameworksBuildPhase;
			buildActionMask = 2147483647;
			files = (
			);
			runOnlyForDeploymentPostprocessing = 0;
		};
/* End PBXFrameworksBuildPhase section */

/* Begin PBXGroup section */
		59368FF02D57AD9D00689C89 /* Badges */ = {
			isa = PBXGroup;
			children = (
				59368FEE2D57AB4800689C89 /* Badge.swift */,
				59368FE82D57A37A00689C89 /* BadgeBackground.swift */,
				59368FEA2D57A84300689C89 /* BadgeSymbol.swift */,
				59368FEC2D57AADA00689C89 /* RotateBadgeSymbol.swift */,
				594406CF2D4D163200622784 /* HexagonParameters.swift */,
			);
			path = Badges;
			sourceTree = "<group>";
		};
		59368FF92D57B02900689C89 /* Hikes */ = {
			isa = PBXGroup;
			children = (
				59368FF52D57B02900689C89 /* GraphCapsule.swift */,
				59368FF62D57B02900689C89 /* HikeDetail.swift */,
				59368FF72D57B02900689C89 /* HikeGraph.swift */,
				59368FF82D57B02900689C89 /* HikeView.swift */,
				5936900C2D58515F00689C89 /* HikeBadge.swift */,
			);
			path = Hikes;
			sourceTree = "<group>";
		};
		593690072D584F4900689C89 /* Profiles */ = {
			isa = PBXGroup;
			children = (
				593690082D584F5B00689C89 /* ProfileHost.swift */,
				5936900A2D584FB200689C89 /* ProfileSummary.swift */,
				5936900E2D58576700689C89 /* ProfileEditor.swift */,
			);
			path = Profiles;
			sourceTree = "<group>";
		};
		593690102D585AC000689C89 /* PageView */ = {
			isa = PBXGroup;
			children = (
				593690112D585AF700689C89 /* PageViewController.swift */,
				593690132D585CB900689C89 /* FeatureCard.swift */,
				593690152D585EBF00689C89 /* PageView.swift */,
				593690172D58CAAD00689C89 /* PageControl.swift */,
			);
			path = PageView;
			sourceTree = "<group>";
		};
		5936901E2D58D17100689C89 /* WatchLandmarks Watch App */ = {
			isa = PBXGroup;
			children = (
				593690212D58D17100689C89 /* ContentView.swift */,
				59D885892D58EF7500BB7B59 /* LandmarkList.swift */,
				59D885592D58D62400BB7B59 /* LandmarkDetail.swift */,
				59D885622D58DC9000BB7B59 /* NotificationView.swift */,
				59D885642D58E0D000BB7B59 /* NotificationController.swift */,
				59D885662D58E3C900BB7B59 /* PushNotificationPayload.apns */,
				593690232D58D17300689C89 /* Assets.xcassets */,
				593690252D58D17300689C89 /* Preview Content */,
			);
			path = "WatchLandmarks Watch App";
			sourceTree = "<group>";
		};
		593690252D58D17300689C89 /* Preview Content */ = {
			isa = PBXGroup;
			children = (
				593690262D58D17300689C89 /* Preview Assets.xcassets */,
			);
			path = "Preview Content";
			sourceTree = "<group>";
		};
		594406CD2D4D128100622784 /* Landmarks */ = {
			isa = PBXGroup;
			children = (
				599BF5322D4BBCAF00BE1B8D /* LandmarkList.swift */,
				598908452D4BB8420024CCEF /* LandmarkRow.swift */,
				599BF5342D4CF6B400BE1B8D /* LandmarkDetail.swift */,
			);
			path = Landmarks;
			sourceTree = "<group>";
		};
		5989081E2D4BB7440024CCEF = {
			isa = PBXGroup;
			children = (
				598908292D4BB7440024CCEF /* Landmarks */,
				5936901E2D58D17100689C89 /* WatchLandmarks Watch App */,
				59D8856C2D58E79300BB7B59 /* MacLandmarks */,
				598908282D4BB7440024CCEF /* Products */,
			);
			sourceTree = "<group>";
		};
		598908282D4BB7440024CCEF /* Products */ = {
			isa = PBXGroup;
			children = (
				598908272D4BB7440024CCEF /* Landmarks.app */,
				5936901D2D58D17100689C89 /* WatchLandmarks Watch App.app */,
				59D8856B2D58E79300BB7B59 /* MacLandmarks.app */,
			);
			name = Products;
			sourceTree = "<group>";
		};
		598908292D4BB7440024CCEF /* Landmarks */ = {
			isa = PBXGroup;
			children = (
				5989082A2D4BB7440024CCEF /* LandmarksApp.swift */,
				5989083A2D4BB7830024CCEF /* View */,
				598908392D4BB77A0024CCEF /* Model */,
				598908382D4BB76D0024CCEF /* Resources */,
				5989082E2D4BB7460024CCEF /* Assets.xcassets */,
				598908302D4BB7460024CCEF /* Preview Content */,
			);
			path = Landmarks;
			sourceTree = "<group>";
		};
		598908302D4BB7460024CCEF /* Preview Content */ = {
			isa = PBXGroup;
			children = (
				598908312D4BB7460024CCEF /* Preview Assets.xcassets */,
			);
			path = "Preview Content";
			sourceTree = "<group>";
		};
		598908382D4BB76D0024CCEF /* Resources */ = {
			isa = PBXGroup;
			children = (
				598908432D4BB8220024CCEF /* landmarkData.json */,
				59368FF12D57AEE200689C89 /* hikeData.json */,
			);
			path = Resources;
			sourceTree = "<group>";
		};
		598908392D4BB77A0024CCEF /* Model */ = {
			isa = PBXGroup;
			children = (
				5989083F2D4BB7DE0024CCEF /* ModelData.swift */,
				598908412D4BB7F90024CCEF /* Landmark.swift */,
				59368FF32D57AF0900689C89 /* Hike.swift */,
				593690052D57BD6100689C89 /* Profile.swift */,
			);
			path = Model;
			sourceTree = "<group>";
		};
		5989083A2D4BB7830024CCEF /* View */ = {
			isa = PBXGroup;
			children = (
				5989082C2D4BB7440024CCEF /* ContentView.swift */,
				59D8855E2D58D70400BB7B59 /* Categories */,
				594406CD2D4D128100622784 /* Landmarks */,
				593690102D585AC000689C89 /* PageView */,
				593690072D584F4900689C89 /* Profiles */,
				59368FF02D57AD9D00689C89 /* Badges */,
				59368FF92D57B02900689C89 /* Hikes */,
				59D885482D58D4F800BB7B59 /* Helpers */,
			);
			path = View;
			sourceTree = "<group>";
		};
		59D885482D58D4F800BB7B59 /* Helpers */ = {
			isa = PBXGroup;
			children = (
				59D885452D58D4F800BB7B59 /* CircleImage.swift */,
				59D885472D58D4F800BB7B59 /* MapView.swift */,
				59D885462D58D4F800BB7B59 /* FavoriteButton.swift */,
			);
			name = Helpers;
			path = Landmarks/View/Helpers;
			sourceTree = SOURCE_ROOT;
		};
		59D8855E2D58D70400BB7B59 /* Categories */ = {
			isa = PBXGroup;
			children = (
				59D8855B2D58D70400BB7B59 /* CategoryHome.swift */,
				59D8855C2D58D70400BB7B59 /* CategoryItem.swift */,
				59D8855D2D58D70400BB7B59 /* CategoryRow.swift */,
			);
			path = Categories;
			sourceTree = "<group>";
		};
		59D8856C2D58E79300BB7B59 /* MacLandmarks */ = {
			isa = PBXGroup;
			children = (
				59D8856F2D58E79300BB7B59 /* ContentView.swift */,
				59D885712D58E79500BB7B59 /* Assets.xcassets */,
				59D885762D58E79500BB7B59 /* MacLandmarks.entitlements */,
				59D885732D58E79500BB7B59 /* Preview Content */,
				59D885872D58E9E500BB7B59 /* LandmarkDetail.swift */,
				5977A87B2D58F6A100B5B33B /* LandmarkCommands.swift */,
			);
			path = MacLandmarks;
			sourceTree = "<group>";
		};
		59D885732D58E79500BB7B59 /* Preview Content */ = {
			isa = PBXGroup;
			children = (
				59D885742D58E79500BB7B59 /* Preview Assets.xcassets */,
			);
			path = "Preview Content";
			sourceTree = "<group>";
		};
/* End PBXGroup section */

/* Begin PBXNativeTarget section */
		5936901C2D58D17100689C89 /* WatchLandmarks Watch App */ = {
			isa = PBXNativeTarget;
			buildConfigurationList = 5936902B2D58D17300689C89 /* Build configuration list for PBXNativeTarget "WatchLandmarks Watch App" */;
			buildPhases = (
				593690192D58D17100689C89 /* Sources */,
				5936901A2D58D17100689C89 /* Frameworks */,
				5936901B2D58D17100689C89 /* Resources */,
			);
			buildRules = (
			);
			dependencies = (
			);
			name = "WatchLandmarks Watch App";
			productName = "WatchLandmarks Watch App";
			productReference = 5936901D2D58D17100689C89 /* WatchLandmarks Watch App.app */;
			productType = "com.apple.product-type.application";
		};
		598908262D4BB7440024CCEF /* Landmarks */ = {
			isa = PBXNativeTarget;
			buildConfigurationList = 598908352D4BB7460024CCEF /* Build configuration list for PBXNativeTarget "Landmarks" */;
			buildPhases = (
				598908232D4BB7440024CCEF /* Sources */,
				598908242D4BB7440024CCEF /* Frameworks */,
				598908252D4BB7440024CCEF /* Resources */,
				5936902E2D58D17300689C89 /* Embed Watch Content */,
			);
			buildRules = (
			);
			dependencies = (
				593690292D58D17300689C89 /* PBXTargetDependency */,
			);
			name = Landmarks;
			productName = Landmarks;
			productReference = 598908272D4BB7440024CCEF /* Landmarks.app */;
			productType = "com.apple.product-type.application";
		};
		59D8856A2D58E79300BB7B59 /* MacLandmarks */ = {
			isa = PBXNativeTarget;
			buildConfigurationList = 59D885772D58E79500BB7B59 /* Build configuration list for PBXNativeTarget "MacLandmarks" */;
			buildPhases = (
				59D885672D58E79300BB7B59 /* Sources */,
				59D885682D58E79300BB7B59 /* Frameworks */,
				59D885692D58E79300BB7B59 /* Resources */,
			);
			buildRules = (
			);
			dependencies = (
			);
			name = MacLandmarks;
			productName = MacLandmarks;
			productReference = 59D8856B2D58E79300BB7B59 /* MacLandmarks.app */;
			productType = "com.apple.product-type.application";
		};
/* End PBXNativeTarget section */

/* Begin PBXProject section */
		5989081F2D4BB7440024CCEF /* Project object */ = {
			isa = PBXProject;
			attributes = {
				BuildIndependentTargetsInParallel = 1;
				LastSwiftUpdateCheck = 1540;
				LastUpgradeCheck = 1540;
				TargetAttributes = {
					5936901C2D58D17100689C89 = {
						CreatedOnToolsVersion = 15.4;
					};
					598908262D4BB7440024CCEF = {
						CreatedOnToolsVersion = 15.4;
					};
					59D8856A2D58E79300BB7B59 = {
						CreatedOnToolsVersion = 15.4;
					};
				};
			};
			buildConfigurationList = 598908222D4BB7440024CCEF /* Build configuration list for PBXProject "Landmarks" */;
			compatibilityVersion = "Xcode 14.0";
			developmentRegion = en;
			hasScannedForEncodings = 0;
			knownRegions = (
				en,
				Base,
			);
			mainGroup = 5989081E2D4BB7440024CCEF;
			productRefGroup = 598908282D4BB7440024CCEF /* Products */;
			projectDirPath = "";
			projectRoot = "";
			targets = (
				598908262D4BB7440024CCEF /* Landmarks */,
				5936901C2D58D17100689C89 /* WatchLandmarks Watch App */,
				59D8856A2D58E79300BB7B59 /* MacLandmarks */,
			);
		};
/* End PBXProject section */

/* Begin PBXResourcesBuildPhase section */
		5936901B2D58D17100689C89 /* Resources */ = {
			isa = PBXResourcesBuildPhase;
			buildActionMask = 2147483647;
			files = (
				59D8854F2D58D58000BB7B59 /* Assets.xcassets in Resources */,
				59D885502D58D58000BB7B59 /* landmarkData.json in Resources */,
				59D885512D58D58000BB7B59 /* hikeData.json in Resources */,
				593690272D58D17300689C89 /* Preview Assets.xcassets in Resources */,
				593690242D58D17300689C89 /* Assets.xcassets in Resources */,
			);
			runOnlyForDeploymentPostprocessing = 0;
		};
		598908252D4BB7440024CCEF /* Resources */ = {
			isa = PBXResourcesBuildPhase;
			buildActionMask = 2147483647;
			files = (
				59368FF22D57AEE200689C89 /* hikeData.json in Resources */,
				598908322D4BB7460024CCEF /* Preview Assets.xcassets in Resources */,
				5989082F2D4BB7460024CCEF /* Assets.xcassets in Resources */,
				598908442D4BB8220024CCEF /* landmarkData.json in Resources */,
			);
			runOnlyForDeploymentPostprocessing = 0;
		};
		59D885692D58E79300BB7B59 /* Resources */ = {
			isa = PBXResourcesBuildPhase;
			buildActionMask = 2147483647;
			files = (
				59D8857A2D58E81800BB7B59 /* Assets.xcassets in Resources */,
				59D8857B2D58E81800BB7B59 /* landmarkData.json in Resources */,
				59D8857C2D58E81800BB7B59 /* hikeData.json in Resources */,
				59D885752D58E79500BB7B59 /* Preview Assets.xcassets in Resources */,
				59D885722D58E79500BB7B59 /* Assets.xcassets in Resources */,
			);
			runOnlyForDeploymentPostprocessing = 0;
		};
/* End PBXResourcesBuildPhase section */

/* Begin PBXSourcesBuildPhase section */
		593690192D58D17100689C89 /* Sources */ = {
			isa = PBXSourcesBuildPhase;
			buildActionMask = 2147483647;
			files = (
				59D8854E2D58D4F800BB7B59 /* MapView.swift in Sources */,
				59D885532D58D58000BB7B59 /* Hike.swift in Sources */,
				59D8858A2D58EF7500BB7B59 /* LandmarkList.swift in Sources */,
				59D885542D58D58000BB7B59 /* ModelData.swift in Sources */,
				59D885552D58D58000BB7B59 /* Landmark.swift in Sources */,
				59D885562D58D58000BB7B59 /* LandmarksApp.swift in Sources */,
				59D885572D58D58000BB7B59 /* LandmarkRow.swift in Sources */,
				59D885582D58D58000BB7B59 /* Profile.swift in Sources */,
				593690222D58D17100689C89 /* ContentView.swift in Sources */,
				59D885652D58E0D000BB7B59 /* NotificationController.swift in Sources */,
				59D8855A2D58D62400BB7B59 /* LandmarkDetail.swift in Sources */,
				59D8854A2D58D4F800BB7B59 /* CircleImage.swift in Sources */,
				59D885632D58DC9000BB7B59 /* NotificationView.swift in Sources */,
			);
			runOnlyForDeploymentPostprocessing = 0;
		};
		598908232D4BB7440024CCEF /* Sources */ = {
			isa = PBXSourcesBuildPhase;
			buildActionMask = 2147483647;
			files = (
				593690062D57BD6100689C89 /* Profile.swift in Sources */,
				59D8854D2D58D4F800BB7B59 /* MapView.swift in Sources */,
				5977A87C2D58F6A100B5B33B /* LandmarkCommands.swift in Sources */,
				59D885612D58D70400BB7B59 /* CategoryRow.swift in Sources */,
				5989082D2D4BB7440024CCEF /* ContentView.swift in Sources */,
				593690142D585CB900689C89 /* FeatureCard.swift in Sources */,
				59D8855F2D58D70400BB7B59 /* CategoryHome.swift in Sources */,
				59368FEF2D57AB4800689C89 /* Badge.swift in Sources */,
				59368FFA2D57B02900689C89 /* GraphCapsule.swift in Sources */,
				59368FFC2D57B02900689C89 /* HikeGraph.swift in Sources */,
				59368FED2D57AADA00689C89 /* RotateBadgeSymbol.swift in Sources */,
				593690182D58CAAD00689C89 /* PageControl.swift in Sources */,
				598908402D4BB7DE0024CCEF /* ModelData.swift in Sources */,
				5936900B2D584FB200689C89 /* ProfileSummary.swift in Sources */,
				59368FF42D57AF0900689C89 /* Hike.swift in Sources */,
				593690092D584F5B00689C89 /* ProfileHost.swift in Sources */,
				594406D02D4D163200622784 /* HexagonParameters.swift in Sources */,
				59D885602D58D70400BB7B59 /* CategoryItem.swift in Sources */,
				59368FEB2D57A84300689C89 /* BadgeSymbol.swift in Sources */,
				593690162D585EBF00689C89 /* PageView.swift in Sources */,
				599BF5332D4BBCAF00BE1B8D /* LandmarkList.swift in Sources */,
				5936900F2D58576700689C89 /* ProfileEditor.swift in Sources */,
				59368FFB2D57B02900689C89 /* HikeDetail.swift in Sources */,
				59368FFD2D57B02900689C89 /* HikeView.swift in Sources */,
				599BF5352D4CF6B400BE1B8D /* LandmarkDetail.swift in Sources */,
				593690122D585AF700689C89 /* PageViewController.swift in Sources */,
				59368FE92D57A37A00689C89 /* BadgeBackground.swift in Sources */,
				5936900D2D58515F00689C89 /* HikeBadge.swift in Sources */,
				5989082B2D4BB7440024CCEF /* LandmarksApp.swift in Sources */,
				598908462D4BB8420024CCEF /* LandmarkRow.swift in Sources */,
				59D8854B2D58D4F800BB7B59 /* FavoriteButton.swift in Sources */,
				598908422D4BB7F90024CCEF /* Landmark.swift in Sources */,
				59D885492D58D4F800BB7B59 /* CircleImage.swift in Sources */,
			);
			runOnlyForDeploymentPostprocessing = 0;
		};
		59D885672D58E79300BB7B59 /* Sources */ = {
			isa = PBXSourcesBuildPhase;
			buildActionMask = 2147483647;
			files = (
				59D8857D2D58E81800BB7B59 /* Landmark.swift in Sources */,
				59D8857E2D58E81800BB7B59 /* LandmarksApp.swift in Sources */,
				59D8857F2D58E81800BB7B59 /* Profile.swift in Sources */,
				59D885802D58E81800BB7B59 /* LandmarkList.swift in Sources */,
				5977A87D2D58F6A100B5B33B /* LandmarkCommands.swift in Sources */,
				59D885882D58E9E500BB7B59 /* LandmarkDetail.swift in Sources */,
				59D885812D58E81800BB7B59 /* Hike.swift in Sources */,
				59D885822D58E81800BB7B59 /* CircleImage.swift in Sources */,
				59D885832D58E81800BB7B59 /* LandmarkRow.swift in Sources */,
				59D885842D58E81800BB7B59 /* MapView.swift in Sources */,
				59D885852D58E81800BB7B59 /* ModelData.swift in Sources */,
				59D885862D58E81800BB7B59 /* FavoriteButton.swift in Sources */,
				59D885702D58E79300BB7B59 /* ContentView.swift in Sources */,
			);
			runOnlyForDeploymentPostprocessing = 0;
		};
/* End PBXSourcesBuildPhase section */

/* Begin PBXTargetDependency section */
		593690292D58D17300689C89 /* PBXTargetDependency */ = {
			isa = PBXTargetDependency;
			target = 5936901C2D58D17100689C89 /* WatchLandmarks Watch App */;
			targetProxy = 593690282D58D17300689C89 /* PBXContainerItemProxy */;
		};
/* End PBXTargetDependency section */

/* Begin XCBuildConfiguration section */
		5936902C2D58D17300689C89 /* Debug */ = {
			isa = XCBuildConfiguration;
			buildSettings = {
				ASSETCATALOG_COMPILER_APPICON_NAME = AppIcon;
				ASSETCATALOG_COMPILER_GLOBAL_ACCENT_COLOR_NAME = AccentColor;
				CODE_SIGN_STYLE = Automatic;
				CURRENT_PROJECT_VERSION = 1;
				DEVELOPMENT_ASSET_PATHS = "\"WatchLandmarks Watch App/Preview Content\"";
				ENABLE_PREVIEWS = YES;
				GENERATE_INFOPLIST_FILE = YES;
				INFOPLIST_KEY_CFBundleDisplayName = WatchLandmarks;
				INFOPLIST_KEY_UISupportedInterfaceOrientations = "UIInterfaceOrientationPortrait UIInterfaceOrientationPortraitUpsideDown";
				INFOPLIST_KEY_WKCompanionAppBundleIdentifier = org.comstudy.myapp.Landmarks;
				INFOPLIST_KEY_WKRunsIndependentlyOfCompanionApp = YES;
				LD_RUNPATH_SEARCH_PATHS = (
					"$(inherited)",
					"@executable_path/Frameworks",
				);
				MARKETING_VERSION = 1.0;
				PRODUCT_BUNDLE_IDENTIFIER = org.comstudy.myapp.Landmarks.watchkitapp;
				PRODUCT_NAME = "$(TARGET_NAME)";
				SDKROOT = watchos;
				SKIP_INSTALL = YES;
				SWIFT_EMIT_LOC_STRINGS = YES;
				SWIFT_VERSION = 5.0;
				TARGETED_DEVICE_FAMILY = 4;
				WATCHOS_DEPLOYMENT_TARGET = 10.5;
			};
			name = Debug;
		};
		5936902D2D58D17300689C89 /* Release */ = {
			isa = XCBuildConfiguration;
			buildSettings = {
				ASSETCATALOG_COMPILER_APPICON_NAME = AppIcon;
				ASSETCATALOG_COMPILER_GLOBAL_ACCENT_COLOR_NAME = AccentColor;
				CODE_SIGN_STYLE = Automatic;
				CURRENT_PROJECT_VERSION = 1;
				DEVELOPMENT_ASSET_PATHS = "\"WatchLandmarks Watch App/Preview Content\"";
				ENABLE_PREVIEWS = YES;
				GENERATE_INFOPLIST_FILE = YES;
				INFOPLIST_KEY_CFBundleDisplayName = WatchLandmarks;
				INFOPLIST_KEY_UISupportedInterfaceOrientations = "UIInterfaceOrientationPortrait UIInterfaceOrientationPortraitUpsideDown";
				INFOPLIST_KEY_WKCompanionAppBundleIdentifier = org.comstudy.myapp.Landmarks;
				INFOPLIST_KEY_WKRunsIndependentlyOfCompanionApp = YES;
				LD_RUNPATH_SEARCH_PATHS = (
					"$(inherited)",
					"@executable_path/Frameworks",
				);
				MARKETING_VERSION = 1.0;
				PRODUCT_BUNDLE_IDENTIFIER = org.comstudy.myapp.Landmarks.watchkitapp;
				PRODUCT_NAME = "$(TARGET_NAME)";
				SDKROOT = watchos;
				SKIP_INSTALL = YES;
				SWIFT_EMIT_LOC_STRINGS = YES;
				SWIFT_VERSION = 5.0;
				TARGETED_DEVICE_FAMILY = 4;
				WATCHOS_DEPLOYMENT_TARGET = 10.5;
			};
			name = Release;
		};
		598908332D4BB7460024CCEF /* Debug */ = {
			isa = XCBuildConfiguration;
			buildSettings = {
				ALWAYS_SEARCH_USER_PATHS = NO;
				ASSETCATALOG_COMPILER_GENERATE_SWIFT_ASSET_SYMBOL_EXTENSIONS = YES;
				CLANG_ANALYZER_NONNULL = YES;
				CLANG_ANALYZER_NUMBER_OBJECT_CONVERSION = YES_AGGRESSIVE;
				CLANG_CXX_LANGUAGE_STANDARD = "gnu++20";
				CLANG_ENABLE_MODULES = YES;
				CLANG_ENABLE_OBJC_ARC = YES;
				CLANG_ENABLE_OBJC_WEAK = YES;
				CLANG_WARN_BLOCK_CAPTURE_AUTORELEASING = YES;
				CLANG_WARN_BOOL_CONVERSION = YES;
				CLANG_WARN_COMMA = YES;
				CLANG_WARN_CONSTANT_CONVERSION = YES;
				CLANG_WARN_DEPRECATED_OBJC_IMPLEMENTATIONS = YES;
				CLANG_WARN_DIRECT_OBJC_ISA_USAGE = YES_ERROR;
				CLANG_WARN_DOCUMENTATION_COMMENTS = YES;
				CLANG_WARN_EMPTY_BODY = YES;
				CLANG_WARN_ENUM_CONVERSION = YES;
				CLANG_WARN_INFINITE_RECURSION = YES;
				CLANG_WARN_INT_CONVERSION = YES;
				CLANG_WARN_NON_LITERAL_NULL_CONVERSION = YES;
				CLANG_WARN_OBJC_IMPLICIT_RETAIN_SELF = YES;
				CLANG_WARN_OBJC_LITERAL_CONVERSION = YES;
				CLANG_WARN_OBJC_ROOT_CLASS = YES_ERROR;
				CLANG_WARN_QUOTED_INCLUDE_IN_FRAMEWORK_HEADER = YES;
				CLANG_WARN_RANGE_LOOP_ANALYSIS = YES;
				CLANG_WARN_STRICT_PROTOTYPES = YES;
				CLANG_WARN_SUSPICIOUS_MOVE = YES;
				CLANG_WARN_UNGUARDED_AVAILABILITY = YES_AGGRESSIVE;
				CLANG_WARN_UNREACHABLE_CODE = YES;
				CLANG_WARN__DUPLICATE_METHOD_MATCH = YES;
				COPY_PHASE_STRIP = NO;
				DEBUG_INFORMATION_FORMAT = dwarf;
				ENABLE_STRICT_OBJC_MSGSEND = YES;
				ENABLE_TESTABILITY = YES;
				ENABLE_USER_SCRIPT_SANDBOXING = YES;
				GCC_C_LANGUAGE_STANDARD = gnu17;
				GCC_DYNAMIC_NO_PIC = NO;
				GCC_NO_COMMON_BLOCKS = YES;
				GCC_OPTIMIZATION_LEVEL = 0;
				GCC_PREPROCESSOR_DEFINITIONS = (
					"DEBUG=1",
					"$(inherited)",
				);
				GCC_WARN_64_TO_32_BIT_CONVERSION = YES;
				GCC_WARN_ABOUT_RETURN_TYPE = YES_ERROR;
				GCC_WARN_UNDECLARED_SELECTOR = YES;
				GCC_WARN_UNINITIALIZED_AUTOS = YES_AGGRESSIVE;
				GCC_WARN_UNUSED_FUNCTION = YES;
				GCC_WARN_UNUSED_VARIABLE = YES;
				IPHONEOS_DEPLOYMENT_TARGET = 17.5;
				LOCALIZATION_PREFERS_STRING_CATALOGS = YES;
				MTL_ENABLE_DEBUG_INFO = INCLUDE_SOURCE;
				MTL_FAST_MATH = YES;
				ONLY_ACTIVE_ARCH = YES;
				SDKROOT = iphoneos;
				SWIFT_ACTIVE_COMPILATION_CONDITIONS = "DEBUG $(inherited)";
				SWIFT_OPTIMIZATION_LEVEL = "-Onone";
			};
			name = Debug;
		};
		598908342D4BB7460024CCEF /* Release */ = {
			isa = XCBuildConfiguration;
			buildSettings = {
				ALWAYS_SEARCH_USER_PATHS = NO;
				ASSETCATALOG_COMPILER_GENERATE_SWIFT_ASSET_SYMBOL_EXTENSIONS = YES;
				CLANG_ANALYZER_NONNULL = YES;
				CLANG_ANALYZER_NUMBER_OBJECT_CONVERSION = YES_AGGRESSIVE;
				CLANG_CXX_LANGUAGE_STANDARD = "gnu++20";
				CLANG_ENABLE_MODULES = YES;
				CLANG_ENABLE_OBJC_ARC = YES;
				CLANG_ENABLE_OBJC_WEAK = YES;
				CLANG_WARN_BLOCK_CAPTURE_AUTORELEASING = YES;
				CLANG_WARN_BOOL_CONVERSION = YES;
				CLANG_WARN_COMMA = YES;
				CLANG_WARN_CONSTANT_CONVERSION = YES;
				CLANG_WARN_DEPRECATED_OBJC_IMPLEMENTATIONS = YES;
				CLANG_WARN_DIRECT_OBJC_ISA_USAGE = YES_ERROR;
				CLANG_WARN_DOCUMENTATION_COMMENTS = YES;
				CLANG_WARN_EMPTY_BODY = YES;
				CLANG_WARN_ENUM_CONVERSION = YES;
				CLANG_WARN_INFINITE_RECURSION = YES;
				CLANG_WARN_INT_CONVERSION = YES;
				CLANG_WARN_NON_LITERAL_NULL_CONVERSION = YES;
				CLANG_WARN_OBJC_IMPLICIT_RETAIN_SELF = YES;
				CLANG_WARN_OBJC_LITERAL_CONVERSION = YES;
				CLANG_WARN_OBJC_ROOT_CLASS = YES_ERROR;
				CLANG_WARN_QUOTED_INCLUDE_IN_FRAMEWORK_HEADER = YES;
				CLANG_WARN_RANGE_LOOP_ANALYSIS = YES;
				CLANG_WARN_STRICT_PROTOTYPES = YES;
				CLANG_WARN_SUSPICIOUS_MOVE = YES;
				CLANG_WARN_UNGUARDED_AVAILABILITY = YES_AGGRESSIVE;
				CLANG_WARN_UNREACHABLE_CODE = YES;
				CLANG_WARN__DUPLICATE_METHOD_MATCH = YES;
				COPY_PHASE_STRIP = NO;
				DEBUG_INFORMATION_FORMAT = "dwarf-with-dsym";
				ENABLE_NS_ASSERTIONS = NO;
				ENABLE_STRICT_OBJC_MSGSEND = YES;
				ENABLE_USER_SCRIPT_SANDBOXING = YES;
				GCC_C_LANGUAGE_STANDARD = gnu17;
				GCC_NO_COMMON_BLOCKS = YES;
				GCC_WARN_64_TO_32_BIT_CONVERSION = YES;
				GCC_WARN_ABOUT_RETURN_TYPE = YES_ERROR;
				GCC_WARN_UNDECLARED_SELECTOR = YES;
				GCC_WARN_UNINITIALIZED_AUTOS = YES_AGGRESSIVE;
				GCC_WARN_UNUSED_FUNCTION = YES;
				GCC_WARN_UNUSED_VARIABLE = YES;
				IPHONEOS_DEPLOYMENT_TARGET = 17.5;
				LOCALIZATION_PREFERS_STRING_CATALOGS = YES;
				MTL_ENABLE_DEBUG_INFO = NO;
				MTL_FAST_MATH = YES;
				SDKROOT = iphoneos;
				SWIFT_COMPILATION_MODE = wholemodule;
				VALIDATE_PRODUCT = YES;
			};
			name = Release;
		};
		598908362D4BB7460024CCEF /* Debug */ = {
			isa = XCBuildConfiguration;
			buildSettings = {
				ALWAYS_EMBED_SWIFT_STANDARD_LIBRARIES = YES;
				ASSETCATALOG_COMPILER_APPICON_NAME = AppIcon;
				ASSETCATALOG_COMPILER_GLOBAL_ACCENT_COLOR_NAME = AccentColor;
				CODE_SIGN_STYLE = Automatic;
				CURRENT_PROJECT_VERSION = 1;
				DEVELOPMENT_ASSET_PATHS = "\"Landmarks/Preview Content\"";
				ENABLE_PREVIEWS = YES;
				GENERATE_INFOPLIST_FILE = YES;
				INFOPLIST_KEY_UIApplicationSceneManifest_Generation = YES;
				INFOPLIST_KEY_UIApplicationSupportsIndirectInputEvents = YES;
				INFOPLIST_KEY_UILaunchScreen_Generation = YES;
				INFOPLIST_KEY_UISupportedInterfaceOrientations_iPad = "UIInterfaceOrientationPortrait UIInterfaceOrientationPortraitUpsideDown UIInterfaceOrientationLandscapeLeft UIInterfaceOrientationLandscapeRight";
				INFOPLIST_KEY_UISupportedInterfaceOrientations_iPhone = "UIInterfaceOrientationPortrait UIInterfaceOrientationLandscapeLeft UIInterfaceOrientationLandscapeRight";
				LD_RUNPATH_SEARCH_PATHS = (
					"$(inherited)",
					"@executable_path/Frameworks",
				);
				MARKETING_VERSION = 1.0;
				PRODUCT_BUNDLE_IDENTIFIER = org.comstudy.myapp.Landmarks;
				PRODUCT_NAME = "$(TARGET_NAME)";
				SWIFT_EMIT_LOC_STRINGS = YES;
				SWIFT_VERSION = 5.0;
				TARGETED_DEVICE_FAMILY = "1,2";
			};
			name = Debug;
		};
		598908372D4BB7460024CCEF /* Release */ = {
			isa = XCBuildConfiguration;
			buildSettings = {
				ALWAYS_EMBED_SWIFT_STANDARD_LIBRARIES = YES;
				ASSETCATALOG_COMPILER_APPICON_NAME = AppIcon;
				ASSETCATALOG_COMPILER_GLOBAL_ACCENT_COLOR_NAME = AccentColor;
				CODE_SIGN_STYLE = Automatic;
				CURRENT_PROJECT_VERSION = 1;
				DEVELOPMENT_ASSET_PATHS = "\"Landmarks/Preview Content\"";
				ENABLE_PREVIEWS = YES;
				GENERATE_INFOPLIST_FILE = YES;
				INFOPLIST_KEY_UIApplicationSceneManifest_Generation = YES;
				INFOPLIST_KEY_UIApplicationSupportsIndirectInputEvents = YES;
				INFOPLIST_KEY_UILaunchScreen_Generation = YES;
				INFOPLIST_KEY_UISupportedInterfaceOrientations_iPad = "UIInterfaceOrientationPortrait UIInterfaceOrientationPortraitUpsideDown UIInterfaceOrientationLandscapeLeft UIInterfaceOrientationLandscapeRight";
				INFOPLIST_KEY_UISupportedInterfaceOrientations_iPhone = "UIInterfaceOrientationPortrait UIInterfaceOrientationLandscapeLeft UIInterfaceOrientationLandscapeRight";
				LD_RUNPATH_SEARCH_PATHS = (
					"$(inherited)",
					"@executable_path/Frameworks",
				);
				MARKETING_VERSION = 1.0;
				PRODUCT_BUNDLE_IDENTIFIER = org.comstudy.myapp.Landmarks;
				PRODUCT_NAME = "$(TARGET_NAME)";
				SWIFT_EMIT_LOC_STRINGS = YES;
				SWIFT_VERSION = 5.0;
				TARGETED_DEVICE_FAMILY = "1,2";
			};
			name = Release;
		};
		59D885782D58E79500BB7B59 /* Debug */ = {
			isa = XCBuildConfiguration;
			buildSettings = {
				ASSETCATALOG_COMPILER_APPICON_NAME = AppIcon;
				ASSETCATALOG_COMPILER_GLOBAL_ACCENT_COLOR_NAME = AccentColor;
				CODE_SIGN_ENTITLEMENTS = MacLandmarks/MacLandmarks.entitlements;
				CODE_SIGN_STYLE = Automatic;
				COMBINE_HIDPI_IMAGES = YES;
				CURRENT_PROJECT_VERSION = 1;
				DEVELOPMENT_ASSET_PATHS = "\"MacLandmarks/Preview Content\"";
				ENABLE_PREVIEWS = YES;
				GENERATE_INFOPLIST_FILE = YES;
				INFOPLIST_KEY_NSHumanReadableCopyright = "";
				LD_RUNPATH_SEARCH_PATHS = (
					"$(inherited)",
					"@executable_path/../Frameworks",
				);
				MACOSX_DEPLOYMENT_TARGET = 14.2;
				MARKETING_VERSION = 1.0;
				PRODUCT_BUNDLE_IDENTIFIER = org.comstudy.myapp.MacLandmarks;
				PRODUCT_NAME = "$(TARGET_NAME)";
				SDKROOT = macosx;
				SWIFT_EMIT_LOC_STRINGS = YES;
				SWIFT_VERSION = 5.0;
			};
			name = Debug;
		};
		59D885792D58E79500BB7B59 /* Release */ = {
			isa = XCBuildConfiguration;
			buildSettings = {
				ASSETCATALOG_COMPILER_APPICON_NAME = AppIcon;
				ASSETCATALOG_COMPILER_GLOBAL_ACCENT_COLOR_NAME = AccentColor;
				CODE_SIGN_ENTITLEMENTS = MacLandmarks/MacLandmarks.entitlements;
				CODE_SIGN_STYLE = Automatic;
				COMBINE_HIDPI_IMAGES = YES;
				CURRENT_PROJECT_VERSION = 1;
				DEVELOPMENT_ASSET_PATHS = "\"MacLandmarks/Preview Content\"";
				ENABLE_PREVIEWS = YES;
				GENERATE_INFOPLIST_FILE = YES;
				INFOPLIST_KEY_NSHumanReadableCopyright = "";
				LD_RUNPATH_SEARCH_PATHS = (
					"$(inherited)",
					"@executable_path/../Frameworks",
				);
				MACOSX_DEPLOYMENT_TARGET = 14.2;
				MARKETING_VERSION = 1.0;
				PRODUCT_BUNDLE_IDENTIFIER = org.comstudy.myapp.MacLandmarks;
				PRODUCT_NAME = "$(TARGET_NAME)";
				SDKROOT = macosx;
				SWIFT_EMIT_LOC_STRINGS = YES;
				SWIFT_VERSION = 5.0;
			};
			name = Release;
		};
/* End XCBuildConfiguration section */

/* Begin XCConfigurationList section */
		5936902B2D58D17300689C89 /* Build configuration list for PBXNativeTarget "WatchLandmarks Watch App" */ = {
			isa = XCConfigurationList;
			buildConfigurations = (
				5936902C2D58D17300689C89 /* Debug */,
				5936902D2D58D17300689C89 /* Release */,
			);
			defaultConfigurationIsVisible = 0;
			defaultConfigurationName = Release;
		};
		598908222D4BB7440024CCEF /* Build configuration list for PBXProject "Landmarks" */ = {
			isa = XCConfigurationList;
			buildConfigurations = (
				598908332D4BB7460024CCEF /* Debug */,
				598908342D4BB7460024CCEF /* Release */,
			);
			defaultConfigurationIsVisible = 0;
			defaultConfigurationName = Release;
		};
		598908352D4BB7460024CCEF /* Build configuration list for PBXNativeTarget "Landmarks" */ = {
			isa = XCConfigurationList;
			buildConfigurations = (
				598908362D4BB7460024CCEF /* Debug */,
				598908372D4BB7460024CCEF /* Release */,
			);
			defaultConfigurationIsVisible = 0;
			defaultConfigurationName = Release;
		};
		59D885772D58E79500BB7B59 /* Build configuration list for PBXNativeTarget "MacLandmarks" */ = {
			isa = XCConfigurationList;
			buildConfigurations = (
				59D885782D58E79500BB7B59 /* Debug */,
				59D885792D58E79500BB7B59 /* Release */,
			);
			defaultConfigurationIsVisible = 0;
			defaultConfigurationName = Release;
		};
/* End XCConfigurationList section */
	};
	rootObject = 5989081F2D4BB7440024CCEF /* Project object */;
}
