// !$*UTF8*$!
{
	archiveVersion = 1;
	classes = {
	};
	objectVersion = 56;
	objects = {

/* Begin PBXBuildFile section */
		594406CC2D4D11D100622784 /* FavoriteButton.swift in Sources */ = {isa = PBXBuildFile; fileRef = 594406CB2D4D11D100622784 /* FavoriteButton.swift */; };
		594406D02D4D163200622784 /* HexagonParameters.swift in Sources */ = {isa = PBXBuildFile; fileRef = 594406CF2D4D163200622784 /* HexagonParameters.swift */; };
		5989082B2D4BB7440024CCEF /* LandmarksApp.swift in Sources */ = {isa = PBXBuildFile; fileRef = 5989082A2D4BB7440024CCEF /* LandmarksApp.swift */; };
		5989082D2D4BB7440024CCEF /* ContentView.swift in Sources */ = {isa = PBXBuildFile; fileRef = 5989082C2D4BB7440024CCEF /* ContentView.swift */; };
		5989082F2D4BB7460024CCEF /* Assets.xcassets in Resources */ = {isa = PBXBuildFile; fileRef = 5989082E2D4BB7460024CCEF /* Assets.xcassets */; };
		598908322D4BB7460024CCEF /* Preview Assets.xcassets in Resources */ = {isa = PBXBuildFile; fileRef = 598908312D4BB7460024CCEF /* Preview Assets.xcassets */; };
		5989083C2D4BB7990024CCEF /* MapView.swift in Sources */ = {isa = PBXBuildFile; fileRef = 5989083B2D4BB7990024CCEF /* MapView.swift */; };
		5989083E2D4BB7AE0024CCEF /* CircleImage.swift in Sources */ = {isa = PBXBuildFile; fileRef = 5989083D2D4BB7AE0024CCEF /* CircleImage.swift */; };
		598908402D4BB7DE0024CCEF /* ModelData.swift in Sources */ = {isa = PBXBuildFile; fileRef = 5989083F2D4BB7DE0024CCEF /* ModelData.swift */; };
		598908422D4BB7F90024CCEF /* Landmark.swift in Sources */ = {isa = PBXBuildFile; fileRef = 598908412D4BB7F90024CCEF /* Landmark.swift */; };
		598908442D4BB8220024CCEF /* landmarkData.json in Resources */ = {isa = PBXBuildFile; fileRef = 598908432D4BB8220024CCEF /* landmarkData.json */; };
		598908462D4BB8420024CCEF /* LandmarkRow.swift in Sources */ = {isa = PBXBuildFile; fileRef = 598908452D4BB8420024CCEF /* LandmarkRow.swift */; };
		599BF5332D4BBCAF00BE1B8D /* LandmarkList.swift in Sources */ = {isa = PBXBuildFile; fileRef = 599BF5322D4BBCAF00BE1B8D /* LandmarkList.swift */; };
		599BF5352D4CF6B400BE1B8D /* LandmarkDetail.swift in Sources */ = {isa = PBXBuildFile; fileRef = 599BF5342D4CF6B400BE1B8D /* LandmarkDetail.swift */; };
/* End PBXBuildFile section */

/* Begin PBXFileReference section */
		594406CB2D4D11D100622784 /* FavoriteButton.swift */ = {isa = PBXFileReference; lastKnownFileType = sourcecode.swift; path = FavoriteButton.swift; sourceTree = "<group>"; };
		594406CF2D4D163200622784 /* HexagonParameters.swift */ = {isa = PBXFileReference; lastKnownFileType = sourcecode.swift; name = HexagonParameters.swift; path = Landmarks/HexagonParameters.swift; sourceTree = "<group>"; };
		598908272D4BB7440024CCEF /* Landmarks.app */ = {isa = PBXFileReference; explicitFileType = wrapper.application; includeInIndex = 0; path = Landmarks.app; sourceTree = BUILT_PRODUCTS_DIR; };
		5989082A2D4BB7440024CCEF /* LandmarksApp.swift */ = {isa = PBXFileReference; lastKnownFileType = sourcecode.swift; path = LandmarksApp.swift; sourceTree = "<group>"; };
		5989082C2D4BB7440024CCEF /* ContentView.swift */ = {isa = PBXFileReference; lastKnownFileType = sourcecode.swift; path = ContentView.swift; sourceTree = "<group>"; };
		5989082E2D4BB7460024CCEF /* Assets.xcassets */ = {isa = PBXFileReference; lastKnownFileType = folder.assetcatalog; path = Assets.xcassets; sourceTree = "<group>"; };
		598908312D4BB7460024CCEF /* Preview Assets.xcassets */ = {isa = PBXFileReference; lastKnownFileType = folder.assetcatalog; path = "Preview Assets.xcassets"; sourceTree = "<group>"; };
		5989083B2D4BB7990024CCEF /* MapView.swift */ = {isa = PBXFileReference; lastKnownFileType = sourcecode.swift; path = MapView.swift; sourceTree = "<group>"; };
		5989083D2D4BB7AE0024CCEF /* CircleImage.swift */ = {isa = PBXFileReference; lastKnownFileType = sourcecode.swift; path = CircleImage.swift; sourceTree = "<group>"; };
		5989083F2D4BB7DE0024CCEF /* ModelData.swift */ = {isa = PBXFileReference; lastKnownFileType = sourcecode.swift; path = ModelData.swift; sourceTree = "<group>"; };
		598908412D4BB7F90024CCEF /* Landmark.swift */ = {isa = PBXFileReference; lastKnownFileType = sourcecode.swift; path = Landmark.swift; sourceTree = "<group>"; };
		598908432D4BB8220024CCEF /* landmarkData.json */ = {isa = PBXFileReference; fileEncoding = 4; lastKnownFileType = text.json; path = landmarkData.json; sourceTree = "<group>"; };
		598908452D4BB8420024CCEF /* LandmarkRow.swift */ = {isa = PBXFileReference; lastKnownFileType = sourcecode.swift; path = LandmarkRow.swift; sourceTree = "<group>"; };
		599BF5322D4BBCAF00BE1B8D /* LandmarkList.swift */ = {isa = PBXFileReference; lastKnownFileType = sourcecode.swift; path = LandmarkList.swift; sourceTree = "<group>"; };
		599BF5342D4CF6B400BE1B8D /* LandmarkDetail.swift */ = {isa = PBXFileReference; lastKnownFileType = sourcecode.swift; path = LandmarkDetail.swift; sourceTree = "<group>"; };
/* End PBXFileReference section */

/* Begin PBXFrameworksBuildPhase section */
		598908242D4BB7440024CCEF /* Frameworks */ = {
			isa = PBXFrameworksBuildPhase;
			buildActionMask = 2147483647;
			files = (
			);
			runOnlyForDeploymentPostprocessing = 0;
		};
/* End PBXFrameworksBuildPhase section */

/* Begin PBXGroup section */
		594406CD2D4D128100622784 /* Landmarks */ = {
			isa = PBXGroup;
			children = (
				599BF5322D4BBCAF00BE1B8D /* LandmarkList.swift */,
				598908452D4BB8420024CCEF /* LandmarkRow.swift */,
				599BF5342D4CF6B400BE1B8D /* LandmarkDetail.swift */,
			);
			path = Landmarks;
			sourceTree = "<group>";
		};
		594406CE2D4D129E00622784 /* Helper */ = {
			isa = PBXGroup;
			children = (
				5989083D2D4BB7AE0024CCEF /* CircleImage.swift */,
				5989083B2D4BB7990024CCEF /* MapView.swift */,
				594406CB2D4D11D100622784 /* FavoriteButton.swift */,
			);
			path = Helper;
			sourceTree = "<group>";
		};
		5989081E2D4BB7440024CCEF = {
			isa = PBXGroup;
			children = (
				598908292D4BB7440024CCEF /* Landmarks */,
				598908282D4BB7440024CCEF /* Products */,
			);
			sourceTree = "<group>";
		};
		598908282D4BB7440024CCEF /* Products */ = {
			isa = PBXGroup;
			children = (
				598908272D4BB7440024CCEF /* Landmarks.app */,
			);
			name = Products;
			sourceTree = "<group>";
		};
		598908292D4BB7440024CCEF /* Landmarks */ = {
			isa = PBXGroup;
			children = (
				5989082A2D4BB7440024CCEF /* LandmarksApp.swift */,
				5989083A2D4BB7830024CCEF /* View */,
				598908392D4BB77A0024CCEF /* Model */,
				598908382D4BB76D0024CCEF /* Resources */,
				5989082E2D4BB7460024CCEF /* Assets.xcassets */,
				598908302D4BB7460024CCEF /* Preview Content */,
			);
			path = Landmarks;
			sourceTree = "<group>";
		};
		598908302D4BB7460024CCEF /* Preview Content */ = {
			isa = PBXGroup;
			children = (
				598908312D4BB7460024CCEF /* Preview Assets.xcassets */,
			);
			path = "Preview Content";
			sourceTree = "<group>";
		};
		598908382D4BB76D0024CCEF /* Resources */ = {
			isa = PBXGroup;
			children = (
				598908432D4BB8220024CCEF /* landmarkData.json */,
			);
			path = Resources;
			sourceTree = "<group>";
		};
		598908392D4BB77A0024CCEF /* Model */ = {
			isa = PBXGroup;
			children = (
				5989083F2D4BB7DE0024CCEF /* ModelData.swift */,
				598908412D4BB7F90024CCEF /* Landmark.swift */,
			);
			path = Model;
			sourceTree = "<group>";
		};
		5989083A2D4BB7830024CCEF /* View */ = {
			isa = PBXGroup;
			children = (
				594406CF2D4D163200622784 /* HexagonParameters.swift */,
				5989082C2D4BB7440024CCEF /* ContentView.swift */,
				594406CD2D4D128100622784 /* Landmarks */,
				594406CE2D4D129E00622784 /* Helper */,
			);
			path = View;
			sourceTree = "<group>";
		};
/* End PBXGroup section */

/* Begin PBXNativeTarget section */
		598908262D4BB7440024CCEF /* Landmarks */ = {
			isa = PBXNativeTarget;
			buildConfigurationList = 598908352D4BB7460024CCEF /* Build configuration list for PBXNativeTarget "Landmarks" */;
			buildPhases = (
				598908232D4BB7440024CCEF /* Sources */,
				598908242D4BB7440024CCEF /* Frameworks */,
				598908252D4BB7440024CCEF /* Resources */,
			);
			buildRules = (
			);
			dependencies = (
			);
			name = Landmarks;
			productName = Landmarks;
			productReference = 598908272D4BB7440024CCEF /* Landmarks.app */;
			productType = "com.apple.product-type.application";
		};
/* End PBXNativeTarget section */

/* Begin PBXProject section */
		5989081F2D4BB7440024CCEF /* Project object */ = {
			isa = PBXProject;
			attributes = {
				BuildIndependentTargetsInParallel = 1;
				LastSwiftUpdateCheck = 1540;
				LastUpgradeCheck = 1540;
				TargetAttributes = {
					598908262D4BB7440024CCEF = {
						CreatedOnToolsVersion = 15.4;
					};
				};
			};
			buildConfigurationList = 598908222D4BB7440024CCEF /* Build configuration list for PBXProject "Landmarks" */;
			compatibilityVersion = "Xcode 14.0";
			developmentRegion = en;
			hasScannedForEncodings = 0;
			knownRegions = (
				en,
				Base,
			);
			mainGroup = 5989081E2D4BB7440024CCEF;
			productRefGroup = 598908282D4BB7440024CCEF /* Products */;
			projectDirPath = "";
			projectRoot = "";
			targets = (
				598908262D4BB7440024CCEF /* Landmarks */,
			);
		};
/* End PBXProject section */

/* Begin PBXResourcesBuildPhase section */
		598908252D4BB7440024CCEF /* Resources */ = {
			isa = PBXResourcesBuildPhase;
			buildActionMask = 2147483647;
			files = (
				598908322D4BB7460024CCEF /* Preview Assets.xcassets in Resources */,
				5989082F2D4BB7460024CCEF /* Assets.xcassets in Resources */,
				598908442D4BB8220024CCEF /* landmarkData.json in Resources */,
			);
			runOnlyForDeploymentPostprocessing = 0;
		};
/* End PBXResourcesBuildPhase section */

/* Begin PBXSourcesBuildPhase section */
		598908232D4BB7440024CCEF /* Sources */ = {
			isa = PBXSourcesBuildPhase;
			buildActionMask = 2147483647;
			files = (
				5989082D2D4BB7440024CCEF /* ContentView.swift in Sources */,
				5989083E2D4BB7AE0024CCEF /* CircleImage.swift in Sources */,
				598908402D4BB7DE0024CCEF /* ModelData.swift in Sources */,
				594406CC2D4D11D100622784 /* FavoriteButton.swift in Sources */,
				594406D02D4D163200622784 /* HexagonParameters.swift in Sources */,
				599BF5332D4BBCAF00BE1B8D /* LandmarkList.swift in Sources */,
				599BF5352D4CF6B400BE1B8D /* LandmarkDetail.swift in Sources */,
				5989083C2D4BB7990024CCEF /* MapView.swift in Sources */,
				5989082B2D4BB7440024CCEF /* LandmarksApp.swift in Sources */,
				598908462D4BB8420024CCEF /* LandmarkRow.swift in Sources */,
				598908422D4BB7F90024CCEF /* Landmark.swift in Sources */,
			);
			runOnlyForDeploymentPostprocessing = 0;
		};
/* End PBXSourcesBuildPhase section */

/* Begin XCBuildConfiguration section */
		598908332D4BB7460024CCEF /* Debug */ = {
			isa = XCBuildConfiguration;
			buildSettings = {
				ALWAYS_SEARCH_USER_PATHS = NO;
				ASSETCATALOG_COMPILER_GENERATE_SWIFT_ASSET_SYMBOL_EXTENSIONS = YES;
				CLANG_ANALYZER_NONNULL = YES;
				CLANG_ANALYZER_NUMBER_OBJECT_CONVERSION = YES_AGGRESSIVE;
				CLANG_CXX_LANGUAGE_STANDARD = "gnu++20";
				CLANG_ENABLE_MODULES = YES;
				CLANG_ENABLE_OBJC_ARC = YES;
				CLANG_ENABLE_OBJC_WEAK = YES;
				CLANG_WARN_BLOCK_CAPTURE_AUTORELEASING = YES;
				CLANG_WARN_BOOL_CONVERSION = YES;
				CLANG_WARN_COMMA = YES;
				CLANG_WARN_CONSTANT_CONVERSION = YES;
				CLANG_WARN_DEPRECATED_OBJC_IMPLEMENTATIONS = YES;
				CLANG_WARN_DIRECT_OBJC_ISA_USAGE = YES_ERROR;
				CLANG_WARN_DOCUMENTATION_COMMENTS = YES;
				CLANG_WARN_EMPTY_BODY = YES;
				CLANG_WARN_ENUM_CONVERSION = YES;
				CLANG_WARN_INFINITE_RECURSION = YES;
				CLANG_WARN_INT_CONVERSION = YES;
				CLANG_WARN_NON_LITERAL_NULL_CONVERSION = YES;
				CLANG_WARN_OBJC_IMPLICIT_RETAIN_SELF = YES;
				CLANG_WARN_OBJC_LITERAL_CONVERSION = YES;
				CLANG_WARN_OBJC_ROOT_CLASS = YES_ERROR;
				CLANG_WARN_QUOTED_INCLUDE_IN_FRAMEWORK_HEADER = YES;
				CLANG_WARN_RANGE_LOOP_ANALYSIS = YES;
				CLANG_WARN_STRICT_PROTOTYPES = YES;
				CLANG_WARN_SUSPICIOUS_MOVE = YES;
				CLANG_WARN_UNGUARDED_AVAILABILITY = YES_AGGRESSIVE;
				CLANG_WARN_UNREACHABLE_CODE = YES;
				CLANG_WARN__DUPLICATE_METHOD_MATCH = YES;
				COPY_PHASE_STRIP = NO;
				DEBUG_INFORMATION_FORMAT = dwarf;
				ENABLE_STRICT_OBJC_MSGSEND = YES;
				ENABLE_TESTABILITY = YES;
				ENABLE_USER_SCRIPT_SANDBOXING = YES;
				GCC_C_LANGUAGE_STANDARD = gnu17;
				GCC_DYNAMIC_NO_PIC = NO;
				GCC_NO_COMMON_BLOCKS = YES;
				GCC_OPTIMIZATION_LEVEL = 0;
				GCC_PREPROCESSOR_DEFINITIONS = (
					"DEBUG=1",
					"$(inherited)",
				);
				GCC_WARN_64_TO_32_BIT_CONVERSION = YES;
				GCC_WARN_ABOUT_RETURN_TYPE = YES_ERROR;
				GCC_WARN_UNDECLARED_SELECTOR = YES;
				GCC_WARN_UNINITIALIZED_AUTOS = YES_AGGRESSIVE;
				GCC_WARN_UNUSED_FUNCTION = YES;
				GCC_WARN_UNUSED_VARIABLE = YES;
				IPHONEOS_DEPLOYMENT_TARGET = 17.5;
				LOCALIZATION_PREFERS_STRING_CATALOGS = YES;
				MTL_ENABLE_DEBUG_INFO = INCLUDE_SOURCE;
				MTL_FAST_MATH = YES;
				ONLY_ACTIVE_ARCH = YES;
				SDKROOT = iphoneos;
				SWIFT_ACTIVE_COMPILATION_CONDITIONS = "DEBUG $(inherited)";
				SWIFT_OPTIMIZATION_LEVEL = "-Onone";
			};
			name = Debug;
		};
		598908342D4BB7460024CCEF /* Release */ = {
			isa = XCBuildConfiguration;
			buildSettings = {
				ALWAYS_SEARCH_USER_PATHS = NO;
				ASSETCATALOG_COMPILER_GENERATE_SWIFT_ASSET_SYMBOL_EXTENSIONS = YES;
				CLANG_ANALYZER_NONNULL = YES;
				CLANG_ANALYZER_NUMBER_OBJECT_CONVERSION = YES_AGGRESSIVE;
				CLANG_CXX_LANGUAGE_STANDARD = "gnu++20";
				CLANG_ENABLE_MODULES = YES;
				CLANG_ENABLE_OBJC_ARC = YES;
				CLANG_ENABLE_OBJC_WEAK = YES;
				CLANG_WARN_BLOCK_CAPTURE_AUTORELEASING = YES;
				CLANG_WARN_BOOL_CONVERSION = YES;
				CLANG_WARN_COMMA = YES;
				CLANG_WARN_CONSTANT_CONVERSION = YES;
				CLANG_WARN_DEPRECATED_OBJC_IMPLEMENTATIONS = YES;
				CLANG_WARN_DIRECT_OBJC_ISA_USAGE = YES_ERROR;
				CLANG_WARN_DOCUMENTATION_COMMENTS = YES;
				CLANG_WARN_EMPTY_BODY = YES;
				CLANG_WARN_ENUM_CONVERSION = YES;
				CLANG_WARN_INFINITE_RECURSION = YES;
				CLANG_WARN_INT_CONVERSION = YES;
				CLANG_WARN_NON_LITERAL_NULL_CONVERSION = YES;
				CLANG_WARN_OBJC_IMPLICIT_RETAIN_SELF = YES;
				CLANG_WARN_OBJC_LITERAL_CONVERSION = YES;
				CLANG_WARN_OBJC_ROOT_CLASS = YES_ERROR;
				CLANG_WARN_QUOTED_INCLUDE_IN_FRAMEWORK_HEADER = YES;
				CLANG_WARN_RANGE_LOOP_ANALYSIS = YES;
				CLANG_WARN_STRICT_PROTOTYPES = YES;
				CLANG_WARN_SUSPICIOUS_MOVE = YES;
				CLANG_WARN_UNGUARDED_AVAILABILITY = YES_AGGRESSIVE;
				CLANG_WARN_UNREACHABLE_CODE = YES;
				CLANG_WARN__DUPLICATE_METHOD_MATCH = YES;
				COPY_PHASE_STRIP = NO;
				DEBUG_INFORMATION_FORMAT = "dwarf-with-dsym";
				ENABLE_NS_ASSERTIONS = NO;
				ENABLE_STRICT_OBJC_MSGSEND = YES;
				ENABLE_USER_SCRIPT_SANDBOXING = YES;
				GCC_C_LANGUAGE_STANDARD = gnu17;
				GCC_NO_COMMON_BLOCKS = YES;
				GCC_WARN_64_TO_32_BIT_CONVERSION = YES;
				GCC_WARN_ABOUT_RETURN_TYPE = YES_ERROR;
				GCC_WARN_UNDECLARED_SELECTOR = YES;
				GCC_WARN_UNINITIALIZED_AUTOS = YES_AGGRESSIVE;
				GCC_WARN_UNUSED_FUNCTION = YES;
				GCC_WARN_UNUSED_VARIABLE = YES;
				IPHONEOS_DEPLOYMENT_TARGET = 17.5;
				LOCALIZATION_PREFERS_STRING_CATALOGS = YES;
				MTL_ENABLE_DEBUG_INFO = NO;
				MTL_FAST_MATH = YES;
				SDKROOT = iphoneos;
				SWIFT_COMPILATION_MODE = wholemodule;
				VALIDATE_PRODUCT = YES;
			};
			name = Release;
		};
		598908362D4BB7460024CCEF /* Debug */ = {
			isa = XCBuildConfiguration;
			buildSettings = {
				ASSETCATALOG_COMPILER_APPICON_NAME = AppIcon;
				ASSETCATALOG_COMPILER_GLOBAL_ACCENT_COLOR_NAME = AccentColor;
				CODE_SIGN_STYLE = Automatic;
				CURRENT_PROJECT_VERSION = 1;
				DEVELOPMENT_ASSET_PATHS = "\"Landmarks/Preview Content\"";
				ENABLE_PREVIEWS = YES;
				GENERATE_INFOPLIST_FILE = YES;
				INFOPLIST_KEY_UIApplicationSceneManifest_Generation = YES;
				INFOPLIST_KEY_UIApplicationSupportsIndirectInputEvents = YES;
				INFOPLIST_KEY_UILaunchScreen_Generation = YES;
				INFOPLIST_KEY_UISupportedInterfaceOrientations_iPad = "UIInterfaceOrientationPortrait UIInterfaceOrientationPortraitUpsideDown UIInterfaceOrientationLandscapeLeft UIInterfaceOrientationLandscapeRight";
				INFOPLIST_KEY_UISupportedInterfaceOrientations_iPhone = "UIInterfaceOrientationPortrait UIInterfaceOrientationLandscapeLeft UIInterfaceOrientationLandscapeRight";
				LD_RUNPATH_SEARCH_PATHS = (
					"$(inherited)",
					"@executable_path/Frameworks",
				);
				MARKETING_VERSION = 1.0;
				PRODUCT_BUNDLE_IDENTIFIER = org.comstudy.myapp.Landmarks;
				PRODUCT_NAME = "$(TARGET_NAME)";
				SWIFT_EMIT_LOC_STRINGS = YES;
				SWIFT_VERSION = 5.0;
				TARGETED_DEVICE_FAMILY = "1,2";
			};
			name = Debug;
		};
		598908372D4BB7460024CCEF /* Release */ = {
			isa = XCBuildConfiguration;
			buildSettings = {
				ASSETCATALOG_COMPILER_APPICON_NAME = AppIcon;
				ASSETCATALOG_COMPILER_GLOBAL_ACCENT_COLOR_NAME = AccentColor;
				CODE_SIGN_STYLE = Automatic;
				CURRENT_PROJECT_VERSION = 1;
				DEVELOPMENT_ASSET_PATHS = "\"Landmarks/Preview Content\"";
				ENABLE_PREVIEWS = YES;
				GENERATE_INFOPLIST_FILE = YES;
				INFOPLIST_KEY_UIApplicationSceneManifest_Generation = YES;
				INFOPLIST_KEY_UIApplicationSupportsIndirectInputEvents = YES;
				INFOPLIST_KEY_UILaunchScreen_Generation = YES;
				INFOPLIST_KEY_UISupportedInterfaceOrientations_iPad = "UIInterfaceOrientationPortrait UIInterfaceOrientationPortraitUpsideDown UIInterfaceOrientationLandscapeLeft UIInterfaceOrientationLandscapeRight";
				INFOPLIST_KEY_UISupportedInterfaceOrientations_iPhone = "UIInterfaceOrientationPortrait UIInterfaceOrientationLandscapeLeft UIInterfaceOrientationLandscapeRight";
				LD_RUNPATH_SEARCH_PATHS = (
					"$(inherited)",
					"@executable_path/Frameworks",
				);
				MARKETING_VERSION = 1.0;
				PRODUCT_BUNDLE_IDENTIFIER = org.comstudy.myapp.Landmarks;
				PRODUCT_NAME = "$(TARGET_NAME)";
				SWIFT_EMIT_LOC_STRINGS = YES;
				SWIFT_VERSION = 5.0;
				TARGETED_DEVICE_FAMILY = "1,2";
			};
			name = Release;
		};
/* End XCBuildConfiguration section */

/* Begin XCConfigurationList section */
		598908222D4BB7440024CCEF /* Build configuration list for PBXProject "Landmarks" */ = {
			isa = XCConfigurationList;
			buildConfigurations = (
				598908332D4BB7460024CCEF /* Debug */,
				598908342D4BB7460024CCEF /* Release */,
			);
			defaultConfigurationIsVisible = 0;
			defaultConfigurationName = Release;
		};
		598908352D4BB7460024CCEF /* Build configuration list for PBXNativeTarget "Landmarks" */ = {
			isa = XCConfigurationList;
			buildConfigurations = (
				598908362D4BB7460024CCEF /* Debug */,
				598908372D4BB7460024CCEF /* Release */,
			);
			defaultConfigurationIsVisible = 0;
			defaultConfigurationName = Release;
		};
/* End XCConfigurationList section */
	};
	rootObject = 5989081F2D4BB7440024CCEF /* Project object */;
}
