// !$*UTF8*$!
{
	archiveVersion = 1;
	classes = {
	};
	objectVersion = 56;
	objects = {

/* Begin PBXBuildFile section */
		5952A97C2D5984F300A6D92A /* SwiftUIDay01ex02App.swift in Sources */ = {isa = PBXBuildFile; fileRef = 5952A97B2D5984F300A6D92A /* SwiftUIDay01ex02App.swift */; };
		5952A97E2D5984F300A6D92A /* ContentView.swift in Sources */ = {isa = PBXBuildFile; fileRef = 5952A97D2D5984F300A6D92A /* ContentView.swift */; };
		5952A9802D5984F500A6D92A /* Assets.xcassets in Resources */ = {isa = PBXBuildFile; fileRef = 5952A97F2D5984F500A6D92A /* Assets.xcassets */; };
		5952A9832D5984F500A6D92A /* Preview Assets.xcassets in Resources */ = {isa = PBXBuildFile; fileRef = 5952A9822D5984F500A6D92A /* Preview Assets.xcassets */; };
		5952A98D2D5984F500A6D92A /* SwiftUIDay01ex02Tests.swift in Sources */ = {isa = PBXBuildFile; fileRef = 5952A98C2D5984F500A6D92A /* SwiftUIDay01ex02Tests.swift */; };
		5952A9972D5984F500A6D92A /* SwiftUIDay01ex02UITests.swift in Sources */ = {isa = PBXBuildFile; fileRef = 5952A9962D5984F500A6D92A /* SwiftUIDay01ex02UITests.swift */; };
		5952A9992D5984F500A6D92A /* SwiftUIDay01ex02UITestsLaunchTests.swift in Sources */ = {isa = PBXBuildFile; fileRef = 5952A9982D5984F500A6D92A /* SwiftUIDay01ex02UITestsLaunchTests.swift */; };
/* End PBXBuildFile section */

/* Begin PBXContainerItemProxy section */
		5952A9892D5984F500A6D92A /* PBXContainerItemProxy */ = {
			isa = PBXContainerItemProxy;
			containerPortal = 5952A9702D5984F300A6D92A /* Project object */;
			proxyType = 1;
			remoteGlobalIDString = 5952A9772D5984F300A6D92A;
			remoteInfo = SwiftUIDay01ex02;
		};
		5952A9932D5984F500A6D92A /* PBXContainerItemProxy */ = {
			isa = PBXContainerItemProxy;
			containerPortal = 5952A9702D5984F300A6D92A /* Project object */;
			proxyType = 1;
			remoteGlobalIDString = 5952A9772D5984F300A6D92A;
			remoteInfo = SwiftUIDay01ex02;
		};
/* End PBXContainerItemProxy section */

/* Begin PBXFileReference section */
		5952A9782D5984F300A6D92A /* SwiftUIDay01ex02.app */ = {isa = PBXFileReference; explicitFileType = wrapper.application; includeInIndex = 0; path = SwiftUIDay01ex02.app; sourceTree = BUILT_PRODUCTS_DIR; };
		5952A97B2D5984F300A6D92A /* SwiftUIDay01ex02App.swift */ = {isa = PBXFileReference; lastKnownFileType = sourcecode.swift; path = SwiftUIDay01ex02App.swift; sourceTree = "<group>"; };
		5952A97D2D5984F300A6D92A /* ContentView.swift */ = {isa = PBXFileReference; lastKnownFileType = sourcecode.swift; path = ContentView.swift; sourceTree = "<group>"; };
		5952A97F2D5984F500A6D92A /* Assets.xcassets */ = {isa = PBXFileReference; lastKnownFileType = folder.assetcatalog; path = Assets.xcassets; sourceTree = "<group>"; };
		5952A9822D5984F500A6D92A /* Preview Assets.xcassets */ = {isa = PBXFileReference; lastKnownFileType = folder.assetcatalog; path = "Preview Assets.xcassets"; sourceTree = "<group>"; };
		5952A9882D5984F500A6D92A /* SwiftUIDay01ex02Tests.xctest */ = {isa = PBXFileReference; explicitFileType = wrapper.cfbundle; includeInIndex = 0; path = SwiftUIDay01ex02Tests.xctest; sourceTree = BUILT_PRODUCTS_DIR; };
		5952A98C2D5984F500A6D92A /* SwiftUIDay01ex02Tests.swift */ = {isa = PBXFileReference; lastKnownFileType = sourcecode.swift; path = SwiftUIDay01ex02Tests.swift; sourceTree = "<group>"; };
		5952A9922D5984F500A6D92A /* SwiftUIDay01ex02UITests.xctest */ = {isa = PBXFileReference; explicitFileType = wrapper.cfbundle; includeInIndex = 0; path = SwiftUIDay01ex02UITests.xctest; sourceTree = BUILT_PRODUCTS_DIR; };
		5952A9962D5984F500A6D92A /* SwiftUIDay01ex02UITests.swift */ = {isa = PBXFileReference; lastKnownFileType = sourcecode.swift; path = SwiftUIDay01ex02UITests.swift; sourceTree = "<group>"; };
		5952A9982D5984F500A6D92A /* SwiftUIDay01ex02UITestsLaunchTests.swift */ = {isa = PBXFileReference; lastKnownFileType = sourcecode.swift; path = SwiftUIDay01ex02UITestsLaunchTests.swift; sourceTree = "<group>"; };
/* End PBXFileReference section */

/* Begin PBXFrameworksBuildPhase section */
		5952A9752D5984F300A6D92A /* Frameworks */ = {
			isa = PBXFrameworksBuildPhase;
			buildActionMask = 2147483647;
			files = (
			);
			runOnlyForDeploymentPostprocessing = 0;
		};
		5952A9852D5984F500A6D92A /* Frameworks */ = {
			isa = PBXFrameworksBuildPhase;
			buildActionMask = 2147483647;
			files = (
			);
			runOnlyForDeploymentPostprocessing = 0;
		};
		5952A98F2D5984F500A6D92A /* Frameworks */ = {
			isa = PBXFrameworksBuildPhase;
			buildActionMask = 2147483647;
			files = (
			);
			runOnlyForDeploymentPostprocessing = 0;
		};
/* End PBXFrameworksBuildPhase section */

/* Begin PBXGroup section */
		5952A96F2D5984F300A6D92A = {
			isa = PBXGroup;
			children = (
				5952A97A2D5984F300A6D92A /* SwiftUIDay01ex02 */,
				5952A98B2D5984F500A6D92A /* SwiftUIDay01ex02Tests */,
				5952A9952D5984F500A6D92A /* SwiftUIDay01ex02UITests */,
				5952A9792D5984F300A6D92A /* Products */,
			);
			sourceTree = "<group>";
		};
		5952A9792D5984F300A6D92A /* Products */ = {
			isa = PBXGroup;
			children = (
				5952A9782D5984F300A6D92A /* SwiftUIDay01ex02.app */,
				5952A9882D5984F500A6D92A /* SwiftUIDay01ex02Tests.xctest */,
				5952A9922D5984F500A6D92A /* SwiftUIDay01ex02UITests.xctest */,
			);
			name = Products;
			sourceTree = "<group>";
		};
		5952A97A2D5984F300A6D92A /* SwiftUIDay01ex02 */ = {
			isa = PBXGroup;
			children = (
				5952A97B2D5984F300A6D92A /* SwiftUIDay01ex02App.swift */,
				5952A97D2D5984F300A6D92A /* ContentView.swift */,
				5952A97F2D5984F500A6D92A /* Assets.xcassets */,
				5952A9812D5984F500A6D92A /* Preview Content */,
			);
			path = SwiftUIDay01ex02;
			sourceTree = "<group>";
		};
		5952A9812D5984F500A6D92A /* Preview Content */ = {
			isa = PBXGroup;
			children = (
				5952A9822D5984F500A6D92A /* Preview Assets.xcassets */,
			);
			path = "Preview Content";
			sourceTree = "<group>";
		};
		5952A98B2D5984F500A6D92A /* SwiftUIDay01ex02Tests */ = {
			isa = PBXGroup;
			children = (
				5952A98C2D5984F500A6D92A /* SwiftUIDay01ex02Tests.swift */,
			);
			path = SwiftUIDay01ex02Tests;
			sourceTree = "<group>";
		};
		5952A9952D5984F500A6D92A /* SwiftUIDay01ex02UITests */ = {
			isa = PBXGroup;
			children = (
				5952A9962D5984F500A6D92A /* SwiftUIDay01ex02UITests.swift */,
				5952A9982D5984F500A6D92A /* SwiftUIDay01ex02UITestsLaunchTests.swift */,
			);
			path = SwiftUIDay01ex02UITests;
			sourceTree = "<group>";
		};
/* End PBXGroup section */

/* Begin PBXNativeTarget section */
		5952A9772D5984F300A6D92A /* SwiftUIDay01ex02 */ = {
			isa = PBXNativeTarget;
			buildConfigurationList = 5952A99C2D5984F500A6D92A /* Build configuration list for PBXNativeTarget "SwiftUIDay01ex02" */;
			buildPhases = (
				5952A9742D5984F300A6D92A /* Sources */,
				5952A9752D5984F300A6D92A /* Frameworks */,
				5952A9762D5984F300A6D92A /* Resources */,
			);
			buildRules = (
			);
			dependencies = (
			);
			name = SwiftUIDay01ex02;
			productName = SwiftUIDay01ex02;
			productReference = 5952A9782D5984F300A6D92A /* SwiftUIDay01ex02.app */;
			productType = "com.apple.product-type.application";
		};
		5952A9872D5984F500A6D92A /* SwiftUIDay01ex02Tests */ = {
			isa = PBXNativeTarget;
			buildConfigurationList = 5952A99F2D5984F500A6D92A /* Build configuration list for PBXNativeTarget "SwiftUIDay01ex02Tests" */;
			buildPhases = (
				5952A9842D5984F500A6D92A /* Sources */,
				5952A9852D5984F500A6D92A /* Frameworks */,
				5952A9862D5984F500A6D92A /* Resources */,
			);
			buildRules = (
			);
			dependencies = (
				5952A98A2D5984F500A6D92A /* PBXTargetDependency */,
			);
			name = SwiftUIDay01ex02Tests;
			productName = SwiftUIDay01ex02Tests;
			productReference = 5952A9882D5984F500A6D92A /* SwiftUIDay01ex02Tests.xctest */;
			productType = "com.apple.product-type.bundle.unit-test";
		};
		5952A9912D5984F500A6D92A /* SwiftUIDay01ex02UITests */ = {
			isa = PBXNativeTarget;
			buildConfigurationList = 5952A9A22D5984F500A6D92A /* Build configuration list for PBXNativeTarget "SwiftUIDay01ex02UITests" */;
			buildPhases = (
				5952A98E2D5984F500A6D92A /* Sources */,
				5952A98F2D5984F500A6D92A /* Frameworks */,
				5952A9902D5984F500A6D92A /* Resources */,
			);
			buildRules = (
			);
			dependencies = (
				5952A9942D5984F500A6D92A /* PBXTargetDependency */,
			);
			name = SwiftUIDay01ex02UITests;
			productName = SwiftUIDay01ex02UITests;
			productReference = 5952A9922D5984F500A6D92A /* SwiftUIDay01ex02UITests.xctest */;
			productType = "com.apple.product-type.bundle.ui-testing";
		};
/* End PBXNativeTarget section */

/* Begin PBXProject section */
		5952A9702D5984F300A6D92A /* Project object */ = {
			isa = PBXProject;
			attributes = {
				BuildIndependentTargetsInParallel = 1;
				LastSwiftUpdateCheck = 1540;
				LastUpgradeCheck = 1540;
				TargetAttributes = {
					5952A9772D5984F300A6D92A = {
						CreatedOnToolsVersion = 15.4;
					};
					5952A9872D5984F500A6D92A = {
						CreatedOnToolsVersion = 15.4;
						TestTargetID = 5952A9772D5984F300A6D92A;
					};
					5952A9912D5984F500A6D92A = {
						CreatedOnToolsVersion = 15.4;
						TestTargetID = 5952A9772D5984F300A6D92A;
					};
				};
			};
			buildConfigurationList = 5952A9732D5984F300A6D92A /* Build configuration list for PBXProject "SwiftUIDay01ex02" */;
			compatibilityVersion = "Xcode 14.0";
			developmentRegion = en;
			hasScannedForEncodings = 0;
			knownRegions = (
				en,
				Base,
			);
			mainGroup = 5952A96F2D5984F300A6D92A;
			productRefGroup = 5952A9792D5984F300A6D92A /* Products */;
			projectDirPath = "";
			projectRoot = "";
			targets = (
				5952A9772D5984F300A6D92A /* SwiftUIDay01ex02 */,
				5952A9872D5984F500A6D92A /* SwiftUIDay01ex02Tests */,
				5952A9912D5984F500A6D92A /* SwiftUIDay01ex02UITests */,
			);
		};
/* End PBXProject section */

/* Begin PBXResourcesBuildPhase section */
		5952A9762D5984F300A6D92A /* Resources */ = {
			isa = PBXResourcesBuildPhase;
			buildActionMask = 2147483647;
			files = (
				5952A9832D5984F500A6D92A /* Preview Assets.xcassets in Resources */,
				5952A9802D5984F500A6D92A /* Assets.xcassets in Resources */,
			);
			runOnlyForDeploymentPostprocessing = 0;
		};
		5952A9862D5984F500A6D92A /* Resources */ = {
			isa = PBXResourcesBuildPhase;
			buildActionMask = 2147483647;
			files = (
			);
			runOnlyForDeploymentPostprocessing = 0;
		};
		5952A9902D5984F500A6D92A /* Resources */ = {
			isa = PBXResourcesBuildPhase;
			buildActionMask = 2147483647;
			files = (
			);
			runOnlyForDeploymentPostprocessing = 0;
		};
/* End PBXResourcesBuildPhase section */

/* Begin PBXSourcesBuildPhase section */
		5952A9742D5984F300A6D92A /* Sources */ = {
			isa = PBXSourcesBuildPhase;
			buildActionMask = 2147483647;
			files = (
				5952A97E2D5984F300A6D92A /* ContentView.swift in Sources */,
				5952A97C2D5984F300A6D92A /* SwiftUIDay01ex02App.swift in Sources */,
			);
			runOnlyForDeploymentPostprocessing = 0;
		};
		5952A9842D5984F500A6D92A /* Sources */ = {
			isa = PBXSourcesBuildPhase;
			buildActionMask = 2147483647;
			files = (
				5952A98D2D5984F500A6D92A /* SwiftUIDay01ex02Tests.swift in Sources */,
			);
			runOnlyForDeploymentPostprocessing = 0;
		};
		5952A98E2D5984F500A6D92A /* Sources */ = {
			isa = PBXSourcesBuildPhase;
			buildActionMask = 2147483647;
			files = (
				5952A9972D5984F500A6D92A /* SwiftUIDay01ex02UITests.swift in Sources */,
				5952A9992D5984F500A6D92A /* SwiftUIDay01ex02UITestsLaunchTests.swift in Sources */,
			);
			runOnlyForDeploymentPostprocessing = 0;
		};
/* End PBXSourcesBuildPhase section */

/* Begin PBXTargetDependency section */
		5952A98A2D5984F500A6D92A /* PBXTargetDependency */ = {
			isa = PBXTargetDependency;
			target = 5952A9772D5984F300A6D92A /* SwiftUIDay01ex02 */;
			targetProxy = 5952A9892D5984F500A6D92A /* PBXContainerItemProxy */;
		};
		5952A9942D5984F500A6D92A /* PBXTargetDependency */ = {
			isa = PBXTargetDependency;
			target = 5952A9772D5984F300A6D92A /* SwiftUIDay01ex02 */;
			targetProxy = 5952A9932D5984F500A6D92A /* PBXContainerItemProxy */;
		};
/* End PBXTargetDependency section */

/* Begin XCBuildConfiguration section */
		5952A99A2D5984F500A6D92A /* Debug */ = {
			isa = XCBuildConfiguration;
			buildSettings = {
				ALWAYS_SEARCH_USER_PATHS = NO;
				ASSETCATALOG_COMPILER_GENERATE_SWIFT_ASSET_SYMBOL_EXTENSIONS = YES;
				CLANG_ANALYZER_NONNULL = YES;
				CLANG_ANALYZER_NUMBER_OBJECT_CONVERSION = YES_AGGRESSIVE;
				CLANG_CXX_LANGUAGE_STANDARD = "gnu++20";
				CLANG_ENABLE_MODULES = YES;
				CLANG_ENABLE_OBJC_ARC = YES;
				CLANG_ENABLE_OBJC_WEAK = YES;
				CLANG_WARN_BLOCK_CAPTURE_AUTORELEASING = YES;
				CLANG_WARN_BOOL_CONVERSION = YES;
				CLANG_WARN_COMMA = YES;
				CLANG_WARN_CONSTANT_CONVERSION = YES;
				CLANG_WARN_DEPRECATED_OBJC_IMPLEMENTATIONS = YES;
				CLANG_WARN_DIRECT_OBJC_ISA_USAGE = YES_ERROR;
				CLANG_WARN_DOCUMENTATION_COMMENTS = YES;
				CLANG_WARN_EMPTY_BODY = YES;
				CLANG_WARN_ENUM_CONVERSION = YES;
				CLANG_WARN_INFINITE_RECURSION = YES;
				CLANG_WARN_INT_CONVERSION = YES;
				CLANG_WARN_NON_LITERAL_NULL_CONVERSION = YES;
				CLANG_WARN_OBJC_IMPLICIT_RETAIN_SELF = YES;
				CLANG_WARN_OBJC_LITERAL_CONVERSION = YES;
				CLANG_WARN_OBJC_ROOT_CLASS = YES_ERROR;
				CLANG_WARN_QUOTED_INCLUDE_IN_FRAMEWORK_HEADER = YES;
				CLANG_WARN_RANGE_LOOP_ANALYSIS = YES;
				CLANG_WARN_STRICT_PROTOTYPES = YES;
				CLANG_WARN_SUSPICIOUS_MOVE = YES;
				CLANG_WARN_UNGUARDED_AVAILABILITY = YES_AGGRESSIVE;
				CLANG_WARN_UNREACHABLE_CODE = YES;
				CLANG_WARN__DUPLICATE_METHOD_MATCH = YES;
				COPY_PHASE_STRIP = NO;
				DEBUG_INFORMATION_FORMAT = dwarf;
				ENABLE_STRICT_OBJC_MSGSEND = YES;
				ENABLE_TESTABILITY = YES;
				ENABLE_USER_SCRIPT_SANDBOXING = YES;
				GCC_C_LANGUAGE_STANDARD = gnu17;
				GCC_DYNAMIC_NO_PIC = NO;
				GCC_NO_COMMON_BLOCKS = YES;
				GCC_OPTIMIZATION_LEVEL = 0;
				GCC_PREPROCESSOR_DEFINITIONS = (
					"DEBUG=1",
					"$(inherited)",
				);
				GCC_WARN_64_TO_32_BIT_CONVERSION = YES;
				GCC_WARN_ABOUT_RETURN_TYPE = YES_ERROR;
				GCC_WARN_UNDECLARED_SELECTOR = YES;
				GCC_WARN_UNINITIALIZED_AUTOS = YES_AGGRESSIVE;
				GCC_WARN_UNUSED_FUNCTION = YES;
				GCC_WARN_UNUSED_VARIABLE = YES;
				IPHONEOS_DEPLOYMENT_TARGET = 17.5;
				LOCALIZATION_PREFERS_STRING_CATALOGS = YES;
				MTL_ENABLE_DEBUG_INFO = INCLUDE_SOURCE;
				MTL_FAST_MATH = YES;
				ONLY_ACTIVE_ARCH = YES;
				SDKROOT = iphoneos;
				SWIFT_ACTIVE_COMPILATION_CONDITIONS = "DEBUG $(inherited)";
				SWIFT_OPTIMIZATION_LEVEL = "-Onone";
			};
			name = Debug;
		};
		5952A99B2D5984F500A6D92A /* Release */ = {
			isa = XCBuildConfiguration;
			buildSettings = {
				ALWAYS_SEARCH_USER_PATHS = NO;
				ASSETCATALOG_COMPILER_GENERATE_SWIFT_ASSET_SYMBOL_EXTENSIONS = YES;
				CLANG_ANALYZER_NONNULL = YES;
				CLANG_ANALYZER_NUMBER_OBJECT_CONVERSION = YES_AGGRESSIVE;
				CLANG_CXX_LANGUAGE_STANDARD = "gnu++20";
				CLANG_ENABLE_MODULES = YES;
				CLANG_ENABLE_OBJC_ARC = YES;
				CLANG_ENABLE_OBJC_WEAK = YES;
				CLANG_WARN_BLOCK_CAPTURE_AUTORELEASING = YES;
				CLANG_WARN_BOOL_CONVERSION = YES;
				CLANG_WARN_COMMA = YES;
				CLANG_WARN_CONSTANT_CONVERSION = YES;
				CLANG_WARN_DEPRECATED_OBJC_IMPLEMENTATIONS = YES;
				CLANG_WARN_DIRECT_OBJC_ISA_USAGE = YES_ERROR;
				CLANG_WARN_DOCUMENTATION_COMMENTS = YES;
				CLANG_WARN_EMPTY_BODY = YES;
				CLANG_WARN_ENUM_CONVERSION = YES;
				CLANG_WARN_INFINITE_RECURSION = YES;
				CLANG_WARN_INT_CONVERSION = YES;
				CLANG_WARN_NON_LITERAL_NULL_CONVERSION = YES;
				CLANG_WARN_OBJC_IMPLICIT_RETAIN_SELF = YES;
				CLANG_WARN_OBJC_LITERAL_CONVERSION = YES;
				CLANG_WARN_OBJC_ROOT_CLASS = YES_ERROR;
				CLANG_WARN_QUOTED_INCLUDE_IN_FRAMEWORK_HEADER = YES;
				CLANG_WARN_RANGE_LOOP_ANALYSIS = YES;
				CLANG_WARN_STRICT_PROTOTYPES = YES;
				CLANG_WARN_SUSPICIOUS_MOVE = YES;
				CLANG_WARN_UNGUARDED_AVAILABILITY = YES_AGGRESSIVE;
				CLANG_WARN_UNREACHABLE_CODE = YES;
				CLANG_WARN__DUPLICATE_METHOD_MATCH = YES;
				COPY_PHASE_STRIP = NO;
				DEBUG_INFORMATION_FORMAT = "dwarf-with-dsym";
				ENABLE_NS_ASSERTIONS = NO;
				ENABLE_STRICT_OBJC_MSGSEND = YES;
				ENABLE_USER_SCRIPT_SANDBOXING = YES;
				GCC_C_LANGUAGE_STANDARD = gnu17;
				GCC_NO_COMMON_BLOCKS = YES;
				GCC_WARN_64_TO_32_BIT_CONVERSION = YES;
				GCC_WARN_ABOUT_RETURN_TYPE = YES_ERROR;
				GCC_WARN_UNDECLARED_SELECTOR = YES;
				GCC_WARN_UNINITIALIZED_AUTOS = YES_AGGRESSIVE;
				GCC_WARN_UNUSED_FUNCTION = YES;
				GCC_WARN_UNUSED_VARIABLE = YES;
				IPHONEOS_DEPLOYMENT_TARGET = 17.5;
				LOCALIZATION_PREFERS_STRING_CATALOGS = YES;
				MTL_ENABLE_DEBUG_INFO = NO;
				MTL_FAST_MATH = YES;
				SDKROOT = iphoneos;
				SWIFT_COMPILATION_MODE = wholemodule;
				VALIDATE_PRODUCT = YES;
			};
			name = Release;
		};
		5952A99D2D5984F500A6D92A /* Debug */ = {
			isa = XCBuildConfiguration;
			buildSettings = {
				ASSETCATALOG_COMPILER_APPICON_NAME = AppIcon;
				ASSETCATALOG_COMPILER_GLOBAL_ACCENT_COLOR_NAME = AccentColor;
				CODE_SIGN_STYLE = Automatic;
				CURRENT_PROJECT_VERSION = 1;
				DEVELOPMENT_ASSET_PATHS = "\"SwiftUIDay01ex02/Preview Content\"";
				ENABLE_PREVIEWS = YES;
				GENERATE_INFOPLIST_FILE = YES;
				INFOPLIST_KEY_UIApplicationSceneManifest_Generation = YES;
				INFOPLIST_KEY_UIApplicationSupportsIndirectInputEvents = YES;
				INFOPLIST_KEY_UILaunchScreen_Generation = YES;
				INFOPLIST_KEY_UISupportedInterfaceOrientations_iPad = "UIInterfaceOrientationPortrait UIInterfaceOrientationPortraitUpsideDown UIInterfaceOrientationLandscapeLeft UIInterfaceOrientationLandscapeRight";
				INFOPLIST_KEY_UISupportedInterfaceOrientations_iPhone = "UIInterfaceOrientationPortrait UIInterfaceOrientationLandscapeLeft UIInterfaceOrientationLandscapeRight";
				LD_RUNPATH_SEARCH_PATHS = (
					"$(inherited)",
					"@executable_path/Frameworks",
				);
				MARKETING_VERSION = 1.0;
				PRODUCT_BUNDLE_IDENTIFIER = org.comstudy.myapp.SwiftUIDay01ex02;
				PRODUCT_NAME = "$(TARGET_NAME)";
				SWIFT_EMIT_LOC_STRINGS = YES;
				SWIFT_VERSION = 5.0;
				TARGETED_DEVICE_FAMILY = "1,2";
			};
			name = Debug;
		};
		5952A99E2D5984F500A6D92A /* Release */ = {
			isa = XCBuildConfiguration;
			buildSettings = {
				ASSETCATALOG_COMPILER_APPICON_NAME = AppIcon;
				ASSETCATALOG_COMPILER_GLOBAL_ACCENT_COLOR_NAME = AccentColor;
				CODE_SIGN_STYLE = Automatic;
				CURRENT_PROJECT_VERSION = 1;
				DEVELOPMENT_ASSET_PATHS = "\"SwiftUIDay01ex02/Preview Content\"";
				ENABLE_PREVIEWS = YES;
				GENERATE_INFOPLIST_FILE = YES;
				INFOPLIST_KEY_UIApplicationSceneManifest_Generation = YES;
				INFOPLIST_KEY_UIApplicationSupportsIndirectInputEvents = YES;
				INFOPLIST_KEY_UILaunchScreen_Generation = YES;
				INFOPLIST_KEY_UISupportedInterfaceOrientations_iPad = "UIInterfaceOrientationPortrait UIInterfaceOrientationPortraitUpsideDown UIInterfaceOrientationLandscapeLeft UIInterfaceOrientationLandscapeRight";
				INFOPLIST_KEY_UISupportedInterfaceOrientations_iPhone = "UIInterfaceOrientationPortrait UIInterfaceOrientationLandscapeLeft UIInterfaceOrientationLandscapeRight";
				LD_RUNPATH_SEARCH_PATHS = (
					"$(inherited)",
					"@executable_path/Frameworks",
				);
				MARKETING_VERSION = 1.0;
				PRODUCT_BUNDLE_IDENTIFIER = org.comstudy.myapp.SwiftUIDay01ex02;
				PRODUCT_NAME = "$(TARGET_NAME)";
				SWIFT_EMIT_LOC_STRINGS = YES;
				SWIFT_VERSION = 5.0;
				TARGETED_DEVICE_FAMILY = "1,2";
			};
			name = Release;
		};
		5952A9A02D5984F500A6D92A /* Debug */ = {
			isa = XCBuildConfiguration;
			buildSettings = {
				ALWAYS_EMBED_SWIFT_STANDARD_LIBRARIES = YES;
				BUNDLE_LOADER = "$(TEST_HOST)";
				CODE_SIGN_STYLE = Automatic;
				CURRENT_PROJECT_VERSION = 1;
				GENERATE_INFOPLIST_FILE = YES;
				IPHONEOS_DEPLOYMENT_TARGET = 17.5;
				MARKETING_VERSION = 1.0;
				PRODUCT_BUNDLE_IDENTIFIER = org.comstudy.myapp.SwiftUIDay01ex02Tests;
				PRODUCT_NAME = "$(TARGET_NAME)";
				SWIFT_EMIT_LOC_STRINGS = NO;
				SWIFT_VERSION = 5.0;
				TARGETED_DEVICE_FAMILY = "1,2";
				TEST_HOST = "$(BUILT_PRODUCTS_DIR)/SwiftUIDay01ex02.app/$(BUNDLE_EXECUTABLE_FOLDER_PATH)/SwiftUIDay01ex02";
			};
			name = Debug;
		};
		5952A9A12D5984F500A6D92A /* Release */ = {
			isa = XCBuildConfiguration;
			buildSettings = {
				ALWAYS_EMBED_SWIFT_STANDARD_LIBRARIES = YES;
				BUNDLE_LOADER = "$(TEST_HOST)";
				CODE_SIGN_STYLE = Automatic;
				CURRENT_PROJECT_VERSION = 1;
				GENERATE_INFOPLIST_FILE = YES;
				IPHONEOS_DEPLOYMENT_TARGET = 17.5;
				MARKETING_VERSION = 1.0;
				PRODUCT_BUNDLE_IDENTIFIER = org.comstudy.myapp.SwiftUIDay01ex02Tests;
				PRODUCT_NAME = "$(TARGET_NAME)";
				SWIFT_EMIT_LOC_STRINGS = NO;
				SWIFT_VERSION = 5.0;
				TARGETED_DEVICE_FAMILY = "1,2";
				TEST_HOST = "$(BUILT_PRODUCTS_DIR)/SwiftUIDay01ex02.app/$(BUNDLE_EXECUTABLE_FOLDER_PATH)/SwiftUIDay01ex02";
			};
			name = Release;
		};
		5952A9A32D5984F500A6D92A /* Debug */ = {
			isa = XCBuildConfiguration;
			buildSettings = {
				ALWAYS_EMBED_SWIFT_STANDARD_LIBRARIES = YES;
				CODE_SIGN_STYLE = Automatic;
				CURRENT_PROJECT_VERSION = 1;
				GENERATE_INFOPLIST_FILE = YES;
				MARKETING_VERSION = 1.0;
				PRODUCT_BUNDLE_IDENTIFIER = org.comstudy.myapp.SwiftUIDay01ex02UITests;
				PRODUCT_NAME = "$(TARGET_NAME)";
				SWIFT_EMIT_LOC_STRINGS = NO;
				SWIFT_VERSION = 5.0;
				TARGETED_DEVICE_FAMILY = "1,2";
				TEST_TARGET_NAME = SwiftUIDay01ex02;
			};
			name = Debug;
		};
		5952A9A42D5984F500A6D92A /* Release */ = {
			isa = XCBuildConfiguration;
			buildSettings = {
				ALWAYS_EMBED_SWIFT_STANDARD_LIBRARIES = YES;
				CODE_SIGN_STYLE = Automatic;
				CURRENT_PROJECT_VERSION = 1;
				GENERATE_INFOPLIST_FILE = YES;
				MARKETING_VERSION = 1.0;
				PRODUCT_BUNDLE_IDENTIFIER = org.comstudy.myapp.SwiftUIDay01ex02UITests;
				PRODUCT_NAME = "$(TARGET_NAME)";
				SWIFT_EMIT_LOC_STRINGS = NO;
				SWIFT_VERSION = 5.0;
				TARGETED_DEVICE_FAMILY = "1,2";
				TEST_TARGET_NAME = SwiftUIDay01ex02;
			};
			name = Release;
		};
/* End XCBuildConfiguration section */

/* Begin XCConfigurationList section */
		5952A9732D5984F300A6D92A /* Build configuration list for PBXProject "SwiftUIDay01ex02" */ = {
			isa = XCConfigurationList;
			buildConfigurations = (
				5952A99A2D5984F500A6D92A /* Debug */,
				5952A99B2D5984F500A6D92A /* Release */,
			);
			defaultConfigurationIsVisible = 0;
			defaultConfigurationName = Release;
		};
		5952A99C2D5984F500A6D92A /* Build configuration list for PBXNativeTarget "SwiftUIDay01ex02" */ = {
			isa = XCConfigurationList;
			buildConfigurations = (
				5952A99D2D5984F500A6D92A /* Debug */,
				5952A99E2D5984F500A6D92A /* Release */,
			);
			defaultConfigurationIsVisible = 0;
			defaultConfigurationName = Release;
		};
		5952A99F2D5984F500A6D92A /* Build configuration list for PBXNativeTarget "SwiftUIDay01ex02Tests" */ = {
			isa = XCConfigurationList;
			buildConfigurations = (
				5952A9A02D5984F500A6D92A /* Debug */,
				5952A9A12D5984F500A6D92A /* Release */,
			);
			defaultConfigurationIsVisible = 0;
			defaultConfigurationName = Release;
		};
		5952A9A22D5984F500A6D92A /* Build configuration list for PBXNativeTarget "SwiftUIDay01ex02UITests" */ = {
			isa = XCConfigurationList;
			buildConfigurations = (
				5952A9A32D5984F500A6D92A /* Debug */,
				5952A9A42D5984F500A6D92A /* Release */,
			);
			defaultConfigurationIsVisible = 0;
			defaultConfigurationName = Release;
		};
/* End XCConfigurationList section */
	};
	rootObject = 5952A9702D5984F300A6D92A /* Project object */;
}
